// !$*UTF8*$!
{
	archiveVersion = 1;
	classes = {
	};
	objectVersion = 56;
	objects = {

/* Begin PBXBuildFile section */
		8010FFA02AE53E5B0038F5A6 /* AppDelegate.m in Sources */ = {isa = PBXBuildFile; fileRef = 8010FF9F2AE53E5B0038F5A6 /* AppDelegate.m */; };
		8010FFA32AE53E5B0038F5A6 /* SceneDelegate.m in Sources */ = {isa = PBXBuildFile; fileRef = 8010FFA22AE53E5B0038F5A6 /* SceneDelegate.m */; };
		8010FFA62AE53E5B0038F5A6 /* ViewController.m in Sources */ = {isa = PBXBuildFile; fileRef = 8010FFA52AE53E5B0038F5A6 /* ViewController.m */; };
		8010FFA92AE53E5B0038F5A6 /* Main.storyboard in Resources */ = {isa = PBXBuildFile; fileRef = 8010FFA72AE53E5B0038F5A6 /* Main.storyboard */; };
		8010FFAB2AE53E5D0038F5A6 /* Assets.xcassets in Resources */ = {isa = PBXBuildFile; fileRef = 8010FFAA2AE53E5D0038F5A6 /* Assets.xcassets */; };
		8010FFAE2AE53E5D0038F5A6 /* LaunchScreen.storyboard in Resources */ = {isa = PBXBuildFile; fileRef = 8010FFAC2AE53E5D0038F5A6 /* LaunchScreen.storyboard */; };
		8010FFB12AE53E5D0038F5A6 /* main.m in Sources */ = {isa = PBXBuildFile; fileRef = 8010FFB02AE53E5D0038F5A6 /* main.m */; };
		8010FFBB2AE53E5D0038F5A6 /* _4_UIButton____Tests.m in Sources */ = {isa = PBXBuildFile; fileRef = 8010FFBA2AE53E5D0038F5A6 /* _4_UIButton____Tests.m */; };
		8010FFC52AE53E5D0038F5A6 /* _4_UIButton____UITests.m in Sources */ = {isa = PBXBuildFile; fileRef = 8010FFC42AE53E5D0038F5A6 /* _4_UIButton____UITests.m */; };
		8010FFC72AE53E5D0038F5A6 /* _4_UIButton____UITestsLaunchTests.m in Sources */ = {isa = PBXBuildFile; fileRef = 8010FFC62AE53E5D0038F5A6 /* _4_UIButton____UITestsLaunchTests.m */; };
/* End PBXBuildFile section */

/* Begin PBXContainerItemProxy section */
		8010FFB72AE53E5D0038F5A6 /* PBXContainerItemProxy */ = {
			isa = PBXContainerItemProxy;
			containerPortal = 8010FF932AE53E5B0038F5A6 /* Project object */;
			proxyType = 1;
			remoteGlobalIDString = 8010FF9A2AE53E5B0038F5A6;
			remoteInfo = "04_UIButton事件处理";
		};
		8010FFC12AE53E5D0038F5A6 /* PBXContainerItemProxy */ = {
			isa = PBXContainerItemProxy;
			containerPortal = 8010FF932AE53E5B0038F5A6 /* Project object */;
			proxyType = 1;
			remoteGlobalIDString = 8010FF9A2AE53E5B0038F5A6;
			remoteInfo = "04_UIButton事件处理";
		};
/* End PBXContainerItemProxy section */

/* Begin PBXFileReference section */
		8010FF9B2AE53E5B0038F5A6 /* 04_UIButton事件处理.app */ = {isa = PBXFileReference; explicitFileType = wrapper.application; includeInIndex = 0; path = "04_UIButton事件处理.app"; sourceTree = BUILT_PRODUCTS_DIR; };
		8010FF9E2AE53E5B0038F5A6 /* AppDelegate.h */ = {isa = PBXFileReference; lastKnownFileType = sourcecode.c.h; path = AppDelegate.h; sourceTree = "<group>"; };
		8010FF9F2AE53E5B0038F5A6 /* AppDelegate.m */ = {isa = PBXFileReference; lastKnownFileType = sourcecode.c.objc; path = AppDelegate.m; sourceTree = "<group>"; };
		8010FFA12AE53E5B0038F5A6 /* SceneDelegate.h */ = {isa = PBXFileReference; lastKnownFileType = sourcecode.c.h; path = SceneDelegate.h; sourceTree = "<group>"; };
		8010FFA22AE53E5B0038F5A6 /* SceneDelegate.m */ = {isa = PBXFileReference; lastKnownFileType = sourcecode.c.objc; path = SceneDelegate.m; sourceTree = "<group>"; };
		8010FFA42AE53E5B0038F5A6 /* ViewController.h */ = {isa = PBXFileReference; lastKnownFileType = sourcecode.c.h; path = ViewController.h; sourceTree = "<group>"; };
		8010FFA52AE53E5B0038F5A6 /* ViewController.m */ = {isa = PBXFileReference; lastKnownFileType = sourcecode.c.objc; path = ViewController.m; sourceTree = "<group>"; };
		8010FFA82AE53E5B0038F5A6 /* Base */ = {isa = PBXFileReference; lastKnownFileType = file.storyboard; name = Base; path = Base.lproj/Main.storyboard; sourceTree = "<group>"; };
		8010FFAA2AE53E5D0038F5A6 /* Assets.xcassets */ = {isa = PBXFileReference; lastKnownFileType = folder.assetcatalog; path = Assets.xcassets; sourceTree = "<group>"; };
		8010FFAD2AE53E5D0038F5A6 /* Base */ = {isa = PBXFileReference; lastKnownFileType = file.storyboard; name = Base; path = Base.lproj/LaunchScreen.storyboard; sourceTree = "<group>"; };
		8010FFAF2AE53E5D0038F5A6 /* Info.plist */ = {isa = PBXFileReference; lastKnownFileType = text.plist.xml; path = Info.plist; sourceTree = "<group>"; };
		8010FFB02AE53E5D0038F5A6 /* main.m */ = {isa = PBXFileReference; lastKnownFileType = sourcecode.c.objc; path = main.m; sourceTree = "<group>"; };
		8010FFB62AE53E5D0038F5A6 /* 04_UIButton事件处理Tests.xctest */ = {isa = PBXFileReference; explicitFileType = wrapper.cfbundle; includeInIndex = 0; path = "04_UIButton事件处理Tests.xctest"; sourceTree = BUILT_PRODUCTS_DIR; };
		8010FFBA2AE53E5D0038F5A6 /* _4_UIButton____Tests.m */ = {isa = PBXFileReference; lastKnownFileType = sourcecode.c.objc; path = "_4_UIButton____Tests.m"; sourceTree = "<group>"; };
		8010FFC02AE53E5D0038F5A6 /* 04_UIButton事件处理UITests.xctest */ = {isa = PBXFileReference; explicitFileType = wrapper.cfbundle; includeInIndex = 0; path = "04_UIButton事件处理UITests.xctest"; sourceTree = BUILT_PRODUCTS_DIR; };
		8010FFC42AE53E5D0038F5A6 /* _4_UIButton____UITests.m */ = {isa = PBXFileReference; lastKnownFileType = sourcecode.c.objc; path = "_4_UIButton____UITests.m"; sourceTree = "<group>"; };
		8010FFC62AE53E5D0038F5A6 /* _4_UIButton____UITestsLaunchTests.m */ = {isa = PBXFileReference; lastKnownFileType = sourcecode.c.objc; path = "_4_UIButton____UITestsLaunchTests.m"; sourceTree = "<group>"; };
/* End PBXFileReference section */

/* Begin PBXFrameworksBuildPhase section */
		8010FF982AE53E5B0038F5A6 /* Frameworks */ = {
			isa = PBXFrameworksBuildPhase;
			buildActionMask = 2147483647;
			files = (
			);
			runOnlyForDeploymentPostprocessing = 0;
		};
		8010FFB32AE53E5D0038F5A6 /* Frameworks */ = {
			isa = PBXFrameworksBuildPhase;
			buildActionMask = 2147483647;
			files = (
			);
			runOnlyForDeploymentPostprocessing = 0;
		};
		8010FFBD2AE53E5D0038F5A6 /* Frameworks */ = {
			isa = PBXFrameworksBuildPhase;
			buildActionMask = 2147483647;
			files = (
			);
			runOnlyForDeploymentPostprocessing = 0;
		};
/* End PBXFrameworksBuildPhase section */

/* Begin PBXGroup section */
		8010FF922AE53E5B0038F5A6 = {
			isa = PBXGroup;
			children = (
				8010FF9D2AE53E5B0038F5A6 /* 04_UIButton事件处理 */,
				8010FFB92AE53E5D0038F5A6 /* 04_UIButton事件处理Tests */,
				8010FFC32AE53E5D0038F5A6 /* 04_UIButton事件处理UITests */,
				8010FF9C2AE53E5B0038F5A6 /* Products */,
			);
			sourceTree = "<group>";
		};
		8010FF9C2AE53E5B0038F5A6 /* Products */ = {
			isa = PBXGroup;
			children = (
				8010FF9B2AE53E5B0038F5A6 /* 04_UIButton事件处理.app */,
				8010FFB62AE53E5D0038F5A6 /* 04_UIButton事件处理Tests.xctest */,
				8010FFC02AE53E5D0038F5A6 /* 04_UIButton事件处理UITests.xctest */,
			);
			name = Products;
			sourceTree = "<group>";
		};
		8010FF9D2AE53E5B0038F5A6 /* 04_UIButton事件处理 */ = {
			isa = PBXGroup;
			children = (
				8010FF9E2AE53E5B0038F5A6 /* AppDelegate.h */,
				8010FF9F2AE53E5B0038F5A6 /* AppDelegate.m */,
				8010FFA12AE53E5B0038F5A6 /* SceneDelegate.h */,
				8010FFA22AE53E5B0038F5A6 /* SceneDelegate.m */,
				8010FFA42AE53E5B0038F5A6 /* ViewController.h */,
				8010FFA52AE53E5B0038F5A6 /* ViewController.m */,
				8010FFA72AE53E5B0038F5A6 /* Main.storyboard */,
				8010FFAA2AE53E5D0038F5A6 /* Assets.xcassets */,
				8010FFAC2AE53E5D0038F5A6 /* LaunchScreen.storyboard */,
				8010FFAF2AE53E5D0038F5A6 /* Info.plist */,
				8010FFB02AE53E5D0038F5A6 /* main.m */,
			);
			path = "04_UIButton事件处理";
			sourceTree = "<group>";
		};
		8010FFB92AE53E5D0038F5A6 /* 04_UIButton事件处理Tests */ = {
			isa = PBXGroup;
			children = (
				8010FFBA2AE53E5D0038F5A6 /* _4_UIButton____Tests.m */,
			);
			path = "04_UIButton事件处理Tests";
			sourceTree = "<group>";
		};
		8010FFC32AE53E5D0038F5A6 /* 04_UIButton事件处理UITests */ = {
			isa = PBXGroup;
			children = (
				8010FFC42AE53E5D0038F5A6 /* _4_UIButton____UITests.m */,
				8010FFC62AE53E5D0038F5A6 /* _4_UIButton____UITestsLaunchTests.m */,
			);
			path = "04_UIButton事件处理UITests";
			sourceTree = "<group>";
		};
/* End PBXGroup section */

/* Begin PBXNativeTarget section */
		8010FF9A2AE53E5B0038F5A6 /* 04_UIButton事件处理 */ = {
			isa = PBXNativeTarget;
			buildConfigurationList = 8010FFCA2AE53E5D0038F5A6 /* Build configuration list for PBXNativeTarget "04_UIButton事件处理" */;
			buildPhases = (
				8010FF972AE53E5B0038F5A6 /* Sources */,
				8010FF982AE53E5B0038F5A6 /* Frameworks */,
				8010FF992AE53E5B0038F5A6 /* Resources */,
			);
			buildRules = (
			);
			dependencies = (
			);
			name = "04_UIButton事件处理";
			productName = "04_UIButton事件处理";
			productReference = 8010FF9B2AE53E5B0038F5A6 /* 04_UIButton事件处理.app */;
			productType = "com.apple.product-type.application";
		};
		8010FFB52AE53E5D0038F5A6 /* 04_UIButton事件处理Tests */ = {
			isa = PBXNativeTarget;
			buildConfigurationList = 8010FFCD2AE53E5D0038F5A6 /* Build configuration list for PBXNativeTarget "04_UIButton事件处理Tests" */;
			buildPhases = (
				8010FFB22AE53E5D0038F5A6 /* Sources */,
				8010FFB32AE53E5D0038F5A6 /* Frameworks */,
				8010FFB42AE53E5D0038F5A6 /* Resources */,
			);
			buildRules = (
			);
			dependencies = (
				8010FFB82AE53E5D0038F5A6 /* PBXTargetDependency */,
			);
			name = "04_UIButton事件处理Tests";
			productName = "04_UIButton事件处理Tests";
			productReference = 8010FFB62AE53E5D0038F5A6 /* 04_UIButton事件处理Tests.xctest */;
			productType = "com.apple.product-type.bundle.unit-test";
		};
		8010FFBF2AE53E5D0038F5A6 /* 04_UIButton事件处理UITests */ = {
			isa = PBXNativeTarget;
			buildConfigurationList = 8010FFD02AE53E5D0038F5A6 /* Build configuration list for PBXNativeTarget "04_UIButton事件处理UITests" */;
			buildPhases = (
				8010FFBC2AE53E5D0038F5A6 /* Sources */,
				8010FFBD2AE53E5D0038F5A6 /* Frameworks */,
				8010FFBE2AE53E5D0038F5A6 /* Resources */,
			);
			buildRules = (
			);
			dependencies = (
				8010FFC22AE53E5D0038F5A6 /* PBXTargetDependency */,
			);
			name = "04_UIButton事件处理UITests";
			productName = "04_UIButton事件处理UITests";
			productReference = 8010FFC02AE53E5D0038F5A6 /* 04_UIButton事件处理UITests.xctest */;
			productType = "com.apple.product-type.bundle.ui-testing";
		};
/* End PBXNativeTarget section */

/* Begin PBXProject section */
		8010FF932AE53E5B0038F5A6 /* Project object */ = {
			isa = PBXProject;
			attributes = {
				BuildIndependentTargetsInParallel = 1;
				LastUpgradeCheck = 1410;
				TargetAttributes = {
					8010FF9A2AE53E5B0038F5A6 = {
						CreatedOnToolsVersion = 14.1;
					};
					8010FFB52AE53E5D0038F5A6 = {
						CreatedOnToolsVersion = 14.1;
						TestTargetID = 8010FF9A2AE53E5B0038F5A6;
					};
					8010FFBF2AE53E5D0038F5A6 = {
						CreatedOnToolsVersion = 14.1;
						TestTargetID = 8010FF9A2AE53E5B0038F5A6;
					};
				};
			};
			buildConfigurationList = 8010FF962AE53E5B0038F5A6 /* Build configuration list for PBXProject "04_UIButton事件处理" */;
			compatibilityVersion = "Xcode 14.0";
			developmentRegion = en;
			hasScannedForEncodings = 0;
			knownRegions = (
				en,
				Base,
			);
			mainGroup = 8010FF922AE53E5B0038F5A6;
			productRefGroup = 8010FF9C2AE53E5B0038F5A6 /* Products */;
			projectDirPath = "";
			projectRoot = "";
			targets = (
				8010FF9A2AE53E5B0038F5A6 /* 04_UIButton事件处理 */,
				8010FFB52AE53E5D0038F5A6 /* 04_UIButton事件处理Tests */,
				8010FFBF2AE53E5D0038F5A6 /* 04_UIButton事件处理UITests */,
			);
		};
/* End PBXProject section */

/* Begin PBXResourcesBuildPhase section */
		8010FF992AE53E5B0038F5A6 /* Resources */ = {
			isa = PBXResourcesBuildPhase;
			buildActionMask = 2147483647;
			files = (
				8010FFAE2AE53E5D0038F5A6 /* LaunchScreen.storyboard in Resources */,
				8010FFAB2AE53E5D0038F5A6 /* Assets.xcassets in Resources */,
				8010FFA92AE53E5B0038F5A6 /* Main.storyboard in Resources */,
			);
			runOnlyForDeploymentPostprocessing = 0;
		};
		8010FFB42AE53E5D0038F5A6 /* Resources */ = {
			isa = PBXResourcesBuildPhase;
			buildActionMask = 2147483647;
			files = (
			);
			runOnlyForDeploymentPostprocessing = 0;
		};
		8010FFBE2AE53E5D0038F5A6 /* Resources */ = {
			isa = PBXResourcesBuildPhase;
			buildActionMask = 2147483647;
			files = (
			);
			runOnlyForDeploymentPostprocessing = 0;
		};
/* End PBXResourcesBuildPhase section */

/* Begin PBXSourcesBuildPhase section */
		8010FF972AE53E5B0038F5A6 /* Sources */ = {
			isa = PBXSourcesBuildPhase;
			buildActionMask = 2147483647;
			files = (
				8010FFA62AE53E5B0038F5A6 /* ViewController.m in Sources */,
				8010FFA02AE53E5B0038F5A6 /* AppDelegate.m in Sources */,
				8010FFB12AE53E5D0038F5A6 /* main.m in Sources */,
				8010FFA32AE53E5B0038F5A6 /* SceneDelegate.m in Sources */,
			);
			runOnlyForDeploymentPostprocessing = 0;
		};
		8010FFB22AE53E5D0038F5A6 /* Sources */ = {
			isa = PBXSourcesBuildPhase;
			buildActionMask = 2147483647;
			files = (
				8010FFBB2AE53E5D0038F5A6 /* _4_UIButton____Tests.m in Sources */,
			);
			runOnlyForDeploymentPostprocessing = 0;
		};
		8010FFBC2AE53E5D0038F5A6 /* Sources */ = {
			isa = PBXSourcesBuildPhase;
			buildActionMask = 2147483647;
			files = (
				8010FFC52AE53E5D0038F5A6 /* _4_UIButton____UITests.m in Sources */,
				8010FFC72AE53E5D0038F5A6 /* _4_UIButton____UITestsLaunchTests.m in Sources */,
			);
			runOnlyForDeploymentPostprocessing = 0;
		};
/* End PBXSourcesBuildPhase section */

/* Begin PBXTargetDependency section */
		8010FFB82AE53E5D0038F5A6 /* PBXTargetDependency */ = {
			isa = PBXTargetDependency;
			target = 8010FF9A2AE53E5B0038F5A6 /* 04_UIButton事件处理 */;
			targetProxy = 8010FFB72AE53E5D0038F5A6 /* PBXContainerItemProxy */;
		};
		8010FFC22AE53E5D0038F5A6 /* PBXTargetDependency */ = {
			isa = PBXTargetDependency;
			target = 8010FF9A2AE53E5B0038F5A6 /* 04_UIButton事件处理 */;
			targetProxy = 8010FFC12AE53E5D0038F5A6 /* PBXContainerItemProxy */;
		};
/* End PBXTargetDependency section */

/* Begin PBXVariantGroup section */
		8010FFA72AE53E5B0038F5A6 /* Main.storyboard */ = {
			isa = PBXVariantGroup;
			children = (
				8010FFA82AE53E5B0038F5A6 /* Base */,
			);
			name = Main.storyboard;
			sourceTree = "<group>";
		};
		8010FFAC2AE53E5D0038F5A6 /* LaunchScreen.storyboard */ = {
			isa = PBXVariantGroup;
			children = (
				8010FFAD2AE53E5D0038F5A6 /* Base */,
			);
			name = LaunchScreen.storyboard;
			sourceTree = "<group>";
		};
/* End PBXVariantGroup section */

/* Begin XCBuildConfiguration section */
		8010FFC82AE53E5D0038F5A6 /* Debug */ = {
			isa = XCBuildConfiguration;
			buildSettings = {
				ALWAYS_SEARCH_USER_PATHS = NO;
				CLANG_ANALYZER_NONNULL = YES;
				CLANG_ANALYZER_NUMBER_OBJECT_CONVERSION = YES_AGGRESSIVE;
				CLANG_CXX_LANGUAGE_STANDARD = "gnu++20";
				CLANG_ENABLE_MODULES = YES;
				CLANG_ENABLE_OBJC_ARC = YES;
				CLANG_ENABLE_OBJC_WEAK = YES;
				CLANG_WARN_BLOCK_CAPTURE_AUTORELEASING = YES;
				CLANG_WARN_BOOL_CONVERSION = YES;
				CLANG_WARN_COMMA = YES;
				CLANG_WARN_CONSTANT_CONVERSION = YES;
				CLANG_WARN_DEPRECATED_OBJC_IMPLEMENTATIONS = YES;
				CLANG_WARN_DIRECT_OBJC_ISA_USAGE = YES_ERROR;
				CLANG_WARN_DOCUMENTATION_COMMENTS = YES;
				CLANG_WARN_EMPTY_BODY = YES;
				CLANG_WARN_ENUM_CONVERSION = YES;
				CLANG_WARN_INFINITE_RECURSION = YES;
				CLANG_WARN_INT_CONVERSION = YES;
				CLANG_WARN_NON_LITERAL_NULL_CONVERSION = YES;
				CLANG_WARN_OBJC_IMPLICIT_RETAIN_SELF = YES;
				CLANG_WARN_OBJC_LITERAL_CONVERSION = YES;
				CLANG_WARN_OBJC_ROOT_CLASS = YES_ERROR;
				CLANG_WARN_QUOTED_INCLUDE_IN_FRAMEWORK_HEADER = YES;
				CLANG_WARN_RANGE_LOOP_ANALYSIS = YES;
				CLANG_WARN_STRICT_PROTOTYPES = YES;
				CLANG_WARN_SUSPICIOUS_MOVE = YES;
				CLANG_WARN_UNGUARDED_AVAILABILITY = YES_AGGRESSIVE;
				CLANG_WARN_UNREACHABLE_CODE = YES;
				CLANG_WARN__DUPLICATE_METHOD_MATCH = YES;
				COPY_PHASE_STRIP = NO;
				DEBUG_INFORMATION_FORMAT = dwarf;
				ENABLE_STRICT_OBJC_MSGSEND = YES;
				ENABLE_TESTABILITY = YES;
				GCC_C_LANGUAGE_STANDARD = gnu11;
				GCC_DYNAMIC_NO_PIC = NO;
				GCC_NO_COMMON_BLOCKS = YES;
				GCC_OPTIMIZATION_LEVEL = 0;
				GCC_PREPROCESSOR_DEFINITIONS = (
					"DEBUG=1",
					"$(inherited)",
				);
				GCC_WARN_64_TO_32_BIT_CONVERSION = YES;
				GCC_WARN_ABOUT_RETURN_TYPE = YES_ERROR;
				GCC_WARN_UNDECLARED_SELECTOR = YES;
				GCC_WARN_UNINITIALIZED_AUTOS = YES_AGGRESSIVE;
				GCC_WARN_UNUSED_FUNCTION = YES;
				GCC_WARN_UNUSED_VARIABLE = YES;
				IPHONEOS_DEPLOYMENT_TARGET = 16.1;
				MTL_ENABLE_DEBUG_INFO = INCLUDE_SOURCE;
				MTL_FAST_MATH = YES;
				ONLY_ACTIVE_ARCH = YES;
				SDKROOT = iphoneos;
			};
			name = Debug;
		};
		8010FFC92AE53E5D0038F5A6 /* Release */ = {
			isa = XCBuildConfiguration;
			buildSettings = {
				ALWAYS_SEARCH_USER_PATHS = NO;
				CLANG_ANALYZER_NONNULL = YES;
				CLANG_ANALYZER_NUMBER_OBJECT_CONVERSION = YES_AGGRESSIVE;
				CLANG_CXX_LANGUAGE_STANDARD = "gnu++20";
				CLANG_ENABLE_MODULES = YES;
				CLANG_ENABLE_OBJC_ARC = YES;
				CLANG_ENABLE_OBJC_WEAK = YES;
				CLANG_WARN_BLOCK_CAPTURE_AUTORELEASING = YES;
				CLANG_WARN_BOOL_CONVERSION = YES;
				CLANG_WARN_COMMA = YES;
				CLANG_WARN_CONSTANT_CONVERSION = YES;
				CLANG_WARN_DEPRECATED_OBJC_IMPLEMENTATIONS = YES;
				CLANG_WARN_DIRECT_OBJC_ISA_USAGE = YES_ERROR;
				CLANG_WARN_DOCUMENTATION_COMMENTS = YES;
				CLANG_WARN_EMPTY_BODY = YES;
				CLANG_WARN_ENUM_CONVERSION = YES;
				CLANG_WARN_INFINITE_RECURSION = YES;
				CLANG_WARN_INT_CONVERSION = YES;
				CLANG_WARN_NON_LITERAL_NULL_CONVERSION = YES;
				CLANG_WARN_OBJC_IMPLICIT_RETAIN_SELF = YES;
				CLANG_WARN_OBJC_LITERAL_CONVERSION = YES;
				CLANG_WARN_OBJC_ROOT_CLASS = YES_ERROR;
				CLANG_WARN_QUOTED_INCLUDE_IN_FRAMEWORK_HEADER = YES;
				CLANG_WARN_RANGE_LOOP_ANALYSIS = YES;
				CLANG_WARN_STRICT_PROTOTYPES = YES;
				CLANG_WARN_SUSPICIOUS_MOVE = YES;
				CLANG_WARN_UNGUARDED_AVAILABILITY = YES_AGGRESSIVE;
				CLANG_WARN_UNREACHABLE_CODE = YES;
				CLANG_WARN__DUPLICATE_METHOD_MATCH = YES;
				COPY_PHASE_STRIP = NO;
				DEBUG_INFORMATION_FORMAT = "dwarf-with-dsym";
				ENABLE_NS_ASSERTIONS = NO;
				ENABLE_STRICT_OBJC_MSGSEND = YES;
				GCC_C_LANGUAGE_STANDARD = gnu11;
				GCC_NO_COMMON_BLOCKS = YES;
				GCC_WARN_64_TO_32_BIT_CONVERSION = YES;
				GCC_WARN_ABOUT_RETURN_TYPE = YES_ERROR;
				GCC_WARN_UNDECLARED_SELECTOR = YES;
				GCC_WARN_UNINITIALIZED_AUTOS = YES_AGGRESSIVE;
				GCC_WARN_UNUSED_FUNCTION = YES;
				GCC_WARN_UNUSED_VARIABLE = YES;
				IPHONEOS_DEPLOYMENT_TARGET = 16.1;
				MTL_ENABLE_DEBUG_INFO = NO;
				MTL_FAST_MATH = YES;
				SDKROOT = iphoneos;
				VALIDATE_PRODUCT = YES;
			};
			name = Release;
		};
		8010FFCB2AE53E5D0038F5A6 /* Debug */ = {
			isa = XCBuildConfiguration;
			buildSettings = {
				ASSETCATALOG_COMPILER_APPICON_NAME = AppIcon;
				ASSETCATALOG_COMPILER_GLOBAL_ACCENT_COLOR_NAME = AccentColor;
				CODE_SIGN_STYLE = Automatic;
				CURRENT_PROJECT_VERSION = 1;
				GENERATE_INFOPLIST_FILE = YES;
				INFOPLIST_FILE = "04_UIButton事件处理/Info.plist";
				INFOPLIST_KEY_UIApplicationSupportsIndirectInputEvents = YES;
				INFOPLIST_KEY_UILaunchStoryboardName = LaunchScreen;
				INFOPLIST_KEY_UIMainStoryboardFile = Main;
				INFOPLIST_KEY_UISupportedInterfaceOrientations_iPad = "UIInterfaceOrientationPortrait UIInterfaceOrientationPortraitUpsideDown UIInterfaceOrientationLandscapeLeft UIInterfaceOrientationLandscapeRight";
				INFOPLIST_KEY_UISupportedInterfaceOrientations_iPhone = "UIInterfaceOrientationPortrait UIInterfaceOrientationLandscapeLeft UIInterfaceOrientationLandscapeRight";
				LD_RUNPATH_SEARCH_PATHS = (
					"$(inherited)",
					"@executable_path/Frameworks",
				);
				MARKETING_VERSION = 1.0;
				PRODUCT_BUNDLE_IDENTIFIER = "wangbo.-4-UIButton----";
				PRODUCT_NAME = "$(TARGET_NAME)";
				SWIFT_EMIT_LOC_STRINGS = YES;
				TARGETED_DEVICE_FAMILY = "1,2";
			};
			name = Debug;
		};
		8010FFCC2AE53E5D0038F5A6 /* Release */ = {
			isa = XCBuildConfiguration;
			buildSettings = {
				ASSETCATALOG_COMPILER_APPICON_NAME = AppIcon;
				ASSETCATALOG_COMPILER_GLOBAL_ACCENT_COLOR_NAME = AccentColor;
				CODE_SIGN_STYLE = Automatic;
				CURRENT_PROJECT_VERSION = 1;
				GENERATE_INFOPLIST_FILE = YES;
				INFOPLIST_FILE = "04_UIButton事件处理/Info.plist";
				INFOPLIST_KEY_UIApplicationSupportsIndirectInputEvents = YES;
				INFOPLIST_KEY_UILaunchStoryboardName = LaunchScreen;
				INFOPLIST_KEY_UIMainStoryboardFile = Main;
				INFOPLIST_KEY_UISupportedInterfaceOrientations_iPad = "UIInterfaceOrientationPortrait UIInterfaceOrientationPortraitUpsideDown UIInterfaceOrientationLandscapeLeft UIInterfaceOrientationLandscapeRight";
				INFOPLIST_KEY_UISupportedInterfaceOrientations_iPhone = "UIInterfaceOrientationPortrait UIInterfaceOrientationLandscapeLeft UIInterfaceOrientationLandscapeRight";
				LD_RUNPATH_SEARCH_PATHS = (
					"$(inherited)",
					"@executable_path/Frameworks",
				);
				MARKETING_VERSION = 1.0;
				PRODUCT_BUNDLE_IDENTIFIER = "wangbo.-4-UIButton----";
				PRODUCT_NAME = "$(TARGET_NAME)";
				SWIFT_EMIT_LOC_STRINGS = YES;
				TARGETED_DEVICE_FAMILY = "1,2";
			};
			name = Release;
		};
		8010FFCE2AE53E5D0038F5A6 /* Debug */ = {
			isa = XCBuildConfiguration;
			buildSettings = {
				BUNDLE_LOADER = "$(TEST_HOST)";
				CODE_SIGN_STYLE = Automatic;
				CURRENT_PROJECT_VERSION = 1;
				GENERATE_INFOPLIST_FILE = YES;
				IPHONEOS_DEPLOYMENT_TARGET = 16.1;
				MARKETING_VERSION = 1.0;
				PRODUCT_BUNDLE_IDENTIFIER = "wangbo.-4-UIButton----Tests";
				PRODUCT_NAME = "$(TARGET_NAME)";
				SWIFT_EMIT_LOC_STRINGS = NO;
				TARGETED_DEVICE_FAMILY = "1,2";
				TEST_HOST = "$(BUILT_PRODUCTS_DIR)/04_UIButton事件处理.app/$(BUNDLE_EXECUTABLE_FOLDER_PATH)/04_UIButton事件处理";
			};
			name = Debug;
		};
		8010FFCF2AE53E5D0038F5A6 /* Release */ = {
			isa = XCBuildConfiguration;
			buildSettings = {
				BUNDLE_LOADER = "$(TEST_HOST)";
				CODE_SIGN_STYLE = Automatic;
				CURRENT_PROJECT_VERSION = 1;
				GENERATE_INFOPLIST_FILE = YES;
				IPHONEOS_DEPLOYMENT_TARGET = 16.1;
				MARKETING_VERSION = 1.0;
				PRODUCT_BUNDLE_IDENTIFIER = "wangbo.-4-UIButton----Tests";
				PRODUCT_NAME = "$(TARGET_NAME)";
				SWIFT_EMIT_LOC_STRINGS = NO;
				TARGETED_DEVICE_FAMILY = "1,2";
				TEST_HOST = "$(BUILT_PRODUCTS_DIR)/04_UIButton事件处理.app/$(BUNDLE_EXECUTABLE_FOLDER_PATH)/04_UIButton事件处理";
			};
			name = Release;
		};
		8010FFD12AE53E5D0038F5A6 /* Debug */ = {
			isa = XCBuildConfiguration;
			buildSettings = {
				CODE_SIGN_STYLE = Automatic;
				CURRENT_PROJECT_VERSION = 1;
				GENERATE_INFOPLIST_FILE = YES;
				MARKETING_VERSION = 1.0;
				PRODUCT_BUNDLE_IDENTIFIER = "wangbo.-4-UIButton----UITests";
				PRODUCT_NAME = "$(TARGET_NAME)";
				SWIFT_EMIT_LOC_STRINGS = NO;
				TARGETED_DEVICE_FAMILY = "1,2";
				TEST_TARGET_NAME = "04_UIButton事件处理";
			};
			name = Debug;
		};
		8010FFD22AE53E5D0038F5A6 /* Release */ = {
			isa = XCBuildConfiguration;
			buildSettings = {
				CODE_SIGN_STYLE = Automatic;
				CURRENT_PROJECT_VERSION = 1;
				GENERATE_INFOPLIST_FILE = YES;
				MARKETING_VERSION = 1.0;
				PRODUCT_BUNDLE_IDENTIFIER = "wangbo.-4-UIButton----UITests";
				PRODUCT_NAME = "$(TARGET_NAME)";
				SWIFT_EMIT_LOC_STRINGS = NO;
				TARGETED_DEVICE_FAMILY = "1,2";
				TEST_TARGET_NAME = "04_UIButton事件处理";
			};
			name = Release;
		};
/* End XCBuildConfiguration section */

/* Begin XCConfigurationList section */
		8010FF962AE53E5B0038F5A6 /* Build configuration list for PBXProject "04_UIButton事件处理" */ = {
			isa = XCConfigurationList;
			buildConfigurations = (
				8010FFC82AE53E5D0038F5A6 /* Debug */,
				8010FFC92AE53E5D0038F5A6 /* Release */,
			);
			defaultConfigurationIsVisible = 0;
			defaultConfigurationName = Release;
		};
		8010FFCA2AE53E5D0038F5A6 /* Build configuration list for PBXNativeTarget "04_UIButton事件处理" */ = {
			isa = XCConfigurationList;
			buildConfigurations = (
				8010FFCB2AE53E5D0038F5A6 /* Debug */,
				8010FFCC2AE53E5D0038F5A6 /* Release */,
			);
			defaultConfigurationIsVisible = 0;
			defaultConfigurationName = Release;
		};
		8010FFCD2AE53E5D0038F5A6 /* Build configuration list for PBXNativeTarget "04_UIButton事件处理Tests" */ = {
			isa = XCConfigurationList;
			buildConfigurations = (
				8010FFCE2AE53E5D0038F5A6 /* Debug */,
				8010FFCF2AE53E5D0038F5A6 /* Release */,
			);
			defaultConfigurationIsVisible = 0;
			defaultConfigurationName = Release;
		};
		8010FFD02AE53E5D0038F5A6 /* Build configuration list for PBXNativeTarget "04_UIButton事件处理UITests" */ = {
			isa = XCConfigurationList;
			buildConfigurations = (
				8010FFD12AE53E5D0038F5A6 /* Debug */,
				8010FFD22AE53E5D0038F5A6 /* Release */,
			);
			defaultConfigurationIsVisible = 0;
			defaultConfigurationName = Release;
		};
/* End XCConfigurationList section */
	};
	rootObject = 8010FF932AE53E5B0038F5A6 /* Project object */;
}
