// !$*UTF8*$!
{
	archiveVersion = 1;
	classes = {
	};
	objectVersion = 56;
	objects = {

/* Begin PBXBuildFile section */
		8079B66D2AEA595900FEA60F /* AppDelegate.m in Sources */ = {isa = PBXBuildFile; fileRef = 8079B66C2AEA595900FEA60F /* AppDelegate.m */; };
		8079B6702AEA595900FEA60F /* SceneDelegate.m in Sources */ = {isa = PBXBuildFile; fileRef = 8079B66F2AEA595900FEA60F /* SceneDelegate.m */; };
		8079B6732AEA595900FEA60F /* ViewController.m in Sources */ = {isa = PBXBuildFile; fileRef = 8079B6722AEA595900FEA60F /* ViewController.m */; };
		8079B6762AEA595900FEA60F /* Main.storyboard in Resources */ = {isa = PBXBuildFile; fileRef = 8079B6742AEA595900FEA60F /* Main.storyboard */; };
		8079B6782AEA595B00FEA60F /* Assets.xcassets in Resources */ = {isa = PBXBuildFile; fileRef = 8079B6772AEA595B00FEA60F /* Assets.xcassets */; };
		8079B67B2AEA595B00FEA60F /* LaunchScreen.storyboard in Resources */ = {isa = PBXBuildFile; fileRef = 8079B6792AEA595B00FEA60F /* LaunchScreen.storyboard */; };
		8079B67E2AEA595B00FEA60F /* main.m in Sources */ = {isa = PBXBuildFile; fileRef = 8079B67D2AEA595B00FEA60F /* main.m */; };
		8079B6882AEA595B00FEA60F /* _0_UITableView__Tests.m in Sources */ = {isa = PBXBuildFile; fileRef = 8079B6872AEA595B00FEA60F /* _0_UITableView__Tests.m */; };
		8079B6922AEA595B00FEA60F /* _0_UITableView__UITests.m in Sources */ = {isa = PBXBuildFile; fileRef = 8079B6912AEA595B00FEA60F /* _0_UITableView__UITests.m */; };
		8079B6942AEA595B00FEA60F /* _0_UITableView__UITestsLaunchTests.m in Sources */ = {isa = PBXBuildFile; fileRef = 8079B6932AEA595B00FEA60F /* _0_UITableView__UITestsLaunchTests.m */; };
/* End PBXBuildFile section */

/* Begin PBXContainerItemProxy section */
		8079B6842AEA595B00FEA60F /* PBXContainerItemProxy */ = {
			isa = PBXContainerItemProxy;
			containerPortal = 8079B6602AEA595900FEA60F /* Project object */;
			proxyType = 1;
			remoteGlobalIDString = 8079B6672AEA595900FEA60F;
			remoteInfo = "40_UITableView协议";
		};
		8079B68E2AEA595B00FEA60F /* PBXContainerItemProxy */ = {
			isa = PBXContainerItemProxy;
			containerPortal = 8079B6602AEA595900FEA60F /* Project object */;
			proxyType = 1;
			remoteGlobalIDString = 8079B6672AEA595900FEA60F;
			remoteInfo = "40_UITableView协议";
		};
/* End PBXContainerItemProxy section */

/* Begin PBXFileReference section */
		8079B6682AEA595900FEA60F /* 40_UITableView协议.app */ = {isa = PBXFileReference; explicitFileType = wrapper.application; includeInIndex = 0; path = "40_UITableView协议.app"; sourceTree = BUILT_PRODUCTS_DIR; };
		8079B66B2AEA595900FEA60F /* AppDelegate.h */ = {isa = PBXFileReference; lastKnownFileType = sourcecode.c.h; path = AppDelegate.h; sourceTree = "<group>"; };
		8079B66C2AEA595900FEA60F /* AppDelegate.m */ = {isa = PBXFileReference; lastKnownFileType = sourcecode.c.objc; path = AppDelegate.m; sourceTree = "<group>"; };
		8079B66E2AEA595900FEA60F /* SceneDelegate.h */ = {isa = PBXFileReference; lastKnownFileType = sourcecode.c.h; path = SceneDelegate.h; sourceTree = "<group>"; };
		8079B66F2AEA595900FEA60F /* SceneDelegate.m */ = {isa = PBXFileReference; lastKnownFileType = sourcecode.c.objc; path = SceneDelegate.m; sourceTree = "<group>"; };
		8079B6712AEA595900FEA60F /* ViewController.h */ = {isa = PBXFileReference; lastKnownFileType = sourcecode.c.h; path = ViewController.h; sourceTree = "<group>"; };
		8079B6722AEA595900FEA60F /* ViewController.m */ = {isa = PBXFileReference; lastKnownFileType = sourcecode.c.objc; path = ViewController.m; sourceTree = "<group>"; };
		8079B6752AEA595900FEA60F /* Base */ = {isa = PBXFileReference; lastKnownFileType = file.storyboard; name = Base; path = Base.lproj/Main.storyboard; sourceTree = "<group>"; };
		8079B6772AEA595B00FEA60F /* Assets.xcassets */ = {isa = PBXFileReference; lastKnownFileType = folder.assetcatalog; path = Assets.xcassets; sourceTree = "<group>"; };
		8079B67A2AEA595B00FEA60F /* Base */ = {isa = PBXFileReference; lastKnownFileType = file.storyboard; name = Base; path = Base.lproj/LaunchScreen.storyboard; sourceTree = "<group>"; };
		8079B67C2AEA595B00FEA60F /* Info.plist */ = {isa = PBXFileReference; lastKnownFileType = text.plist.xml; path = Info.plist; sourceTree = "<group>"; };
		8079B67D2AEA595B00FEA60F /* main.m */ = {isa = PBXFileReference; lastKnownFileType = sourcecode.c.objc; path = main.m; sourceTree = "<group>"; };
		8079B6832AEA595B00FEA60F /* 40_UITableView协议Tests.xctest */ = {isa = PBXFileReference; explicitFileType = wrapper.cfbundle; includeInIndex = 0; path = "40_UITableView协议Tests.xctest"; sourceTree = BUILT_PRODUCTS_DIR; };
		8079B6872AEA595B00FEA60F /* _0_UITableView__Tests.m */ = {isa = PBXFileReference; lastKnownFileType = sourcecode.c.objc; path = _0_UITableView__Tests.m; sourceTree = "<group>"; };
		8079B68D2AEA595B00FEA60F /* 40_UITableView协议UITests.xctest */ = {isa = PBXFileReference; explicitFileType = wrapper.cfbundle; includeInIndex = 0; path = "40_UITableView协议UITests.xctest"; sourceTree = BUILT_PRODUCTS_DIR; };
		8079B6912AEA595B00FEA60F /* _0_UITableView__UITests.m */ = {isa = PBXFileReference; lastKnownFileType = sourcecode.c.objc; path = _0_UITableView__UITests.m; sourceTree = "<group>"; };
		8079B6932AEA595B00FEA60F /* _0_UITableView__UITestsLaunchTests.m */ = {isa = PBXFileReference; lastKnownFileType = sourcecode.c.objc; path = _0_UITableView__UITestsLaunchTests.m; sourceTree = "<group>"; };
/* End PBXFileReference section */

/* Begin PBXFrameworksBuildPhase section */
		8079B6652AEA595900FEA60F /* Frameworks */ = {
			isa = PBXFrameworksBuildPhase;
			buildActionMask = 2147483647;
			files = (
			);
			runOnlyForDeploymentPostprocessing = 0;
		};
		8079B6802AEA595B00FEA60F /* Frameworks */ = {
			isa = PBXFrameworksBuildPhase;
			buildActionMask = 2147483647;
			files = (
			);
			runOnlyForDeploymentPostprocessing = 0;
		};
		8079B68A2AEA595B00FEA60F /* Frameworks */ = {
			isa = PBXFrameworksBuildPhase;
			buildActionMask = 2147483647;
			files = (
			);
			runOnlyForDeploymentPostprocessing = 0;
		};
/* End PBXFrameworksBuildPhase section */

/* Begin PBXGroup section */
		8079B65F2AEA595900FEA60F = {
			isa = PBXGroup;
			children = (
				8079B66A2AEA595900FEA60F /* 40_UITableView协议 */,
				8079B6862AEA595B00FEA60F /* 40_UITableView协议Tests */,
				8079B6902AEA595B00FEA60F /* 40_UITableView协议UITests */,
				8079B6692AEA595900FEA60F /* Products */,
			);
			sourceTree = "<group>";
		};
		8079B6692AEA595900FEA60F /* Products */ = {
			isa = PBXGroup;
			children = (
				8079B6682AEA595900FEA60F /* 40_UITableView协议.app */,
				8079B6832AEA595B00FEA60F /* 40_UITableView协议Tests.xctest */,
				8079B68D2AEA595B00FEA60F /* 40_UITableView协议UITests.xctest */,
			);
			name = Products;
			sourceTree = "<group>";
		};
		8079B66A2AEA595900FEA60F /* 40_UITableView协议 */ = {
			isa = PBXGroup;
			children = (
				8079B66B2AEA595900FEA60F /* AppDelegate.h */,
				8079B66C2AEA595900FEA60F /* AppDelegate.m */,
				8079B66E2AEA595900FEA60F /* SceneDelegate.h */,
				8079B66F2AEA595900FEA60F /* SceneDelegate.m */,
				8079B6712AEA595900FEA60F /* ViewController.h */,
				8079B6722AEA595900FEA60F /* ViewController.m */,
				8079B6742AEA595900FEA60F /* Main.storyboard */,
				8079B6772AEA595B00FEA60F /* Assets.xcassets */,
				8079B6792AEA595B00FEA60F /* LaunchScreen.storyboard */,
				8079B67C2AEA595B00FEA60F /* Info.plist */,
				8079B67D2AEA595B00FEA60F /* main.m */,
			);
			path = "40_UITableView协议";
			sourceTree = "<group>";
		};
		8079B6862AEA595B00FEA60F /* 40_UITableView协议Tests */ = {
			isa = PBXGroup;
			children = (
				8079B6872AEA595B00FEA60F /* _0_UITableView__Tests.m */,
			);
			path = "40_UITableView协议Tests";
			sourceTree = "<group>";
		};
		8079B6902AEA595B00FEA60F /* 40_UITableView协议UITests */ = {
			isa = PBXGroup;
			children = (
				8079B6912AEA595B00FEA60F /* _0_UITableView__UITests.m */,
				8079B6932AEA595B00FEA60F /* _0_UITableView__UITestsLaunchTests.m */,
			);
			path = "40_UITableView协议UITests";
			sourceTree = "<group>";
		};
/* End PBXGroup section */

/* Begin PBXNativeTarget section */
		8079B6672AEA595900FEA60F /* 40_UITableView协议 */ = {
			isa = PBXNativeTarget;
			buildConfigurationList = 8079B6972AEA595B00FEA60F /* Build configuration list for PBXNativeTarget "40_UITableView协议" */;
			buildPhases = (
				8079B6642AEA595900FEA60F /* Sources */,
				8079B6652AEA595900FEA60F /* Frameworks */,
				8079B6662AEA595900FEA60F /* Resources */,
			);
			buildRules = (
			);
			dependencies = (
			);
			name = "40_UITableView协议";
			productName = "40_UITableView协议";
			productReference = 8079B6682AEA595900FEA60F /* 40_UITableView协议.app */;
			productType = "com.apple.product-type.application";
		};
		8079B6822AEA595B00FEA60F /* 40_UITableView协议Tests */ = {
			isa = PBXNativeTarget;
			buildConfigurationList = 8079B69A2AEA595B00FEA60F /* Build configuration list for PBXNativeTarget "40_UITableView协议Tests" */;
			buildPhases = (
				8079B67F2AEA595B00FEA60F /* Sources */,
				8079B6802AEA595B00FEA60F /* Frameworks */,
				8079B6812AEA595B00FEA60F /* Resources */,
			);
			buildRules = (
			);
			dependencies = (
				8079B6852AEA595B00FEA60F /* PBXTargetDependency */,
			);
			name = "40_UITableView协议Tests";
			productName = "40_UITableView协议Tests";
			productReference = 8079B6832AEA595B00FEA60F /* 40_UITableView协议Tests.xctest */;
			productType = "com.apple.product-type.bundle.unit-test";
		};
		8079B68C2AEA595B00FEA60F /* 40_UITableView协议UITests */ = {
			isa = PBXNativeTarget;
			buildConfigurationList = 8079B69D2AEA595B00FEA60F /* Build configuration list for PBXNativeTarget "40_UITableView协议UITests" */;
			buildPhases = (
				8079B6892AEA595B00FEA60F /* Sources */,
				8079B68A2AEA595B00FEA60F /* Frameworks */,
				8079B68B2AEA595B00FEA60F /* Resources */,
			);
			buildRules = (
			);
			dependencies = (
				8079B68F2AEA595B00FEA60F /* PBXTargetDependency */,
			);
			name = "40_UITableView协议UITests";
			productName = "40_UITableView协议UITests";
			productReference = 8079B68D2AEA595B00FEA60F /* 40_UITableView协议UITests.xctest */;
			productType = "com.apple.product-type.bundle.ui-testing";
		};
/* End PBXNativeTarget section */

/* Begin PBXProject section */
		8079B6602AEA595900FEA60F /* Project object */ = {
			isa = PBXProject;
			attributes = {
				BuildIndependentTargetsInParallel = 1;
				LastUpgradeCheck = 1410;
				TargetAttributes = {
					8079B6672AEA595900FEA60F = {
						CreatedOnToolsVersion = 14.1;
					};
					8079B6822AEA595B00FEA60F = {
						CreatedOnToolsVersion = 14.1;
						TestTargetID = 8079B6672AEA595900FEA60F;
					};
					8079B68C2AEA595B00FEA60F = {
						CreatedOnToolsVersion = 14.1;
						TestTargetID = 8079B6672AEA595900FEA60F;
					};
				};
			};
			buildConfigurationList = 8079B6632AEA595900FEA60F /* Build configuration list for PBXProject "40_UITableView协议" */;
			compatibilityVersion = "Xcode 14.0";
			developmentRegion = en;
			hasScannedForEncodings = 0;
			knownRegions = (
				en,
				Base,
			);
			mainGroup = 8079B65F2AEA595900FEA60F;
			productRefGroup = 8079B6692AEA595900FEA60F /* Products */;
			projectDirPath = "";
			projectRoot = "";
			targets = (
				8079B6672AEA595900FEA60F /* 40_UITableView协议 */,
				8079B6822AEA595B00FEA60F /* 40_UITableView协议Tests */,
				8079B68C2AEA595B00FEA60F /* 40_UITableView协议UITests */,
			);
		};
/* End PBXProject section */

/* Begin PBXResourcesBuildPhase section */
		8079B6662AEA595900FEA60F /* Resources */ = {
			isa = PBXResourcesBuildPhase;
			buildActionMask = 2147483647;
			files = (
				8079B67B2AEA595B00FEA60F /* LaunchScreen.storyboard in Resources */,
				8079B6782AEA595B00FEA60F /* Assets.xcassets in Resources */,
				8079B6762AEA595900FEA60F /* Main.storyboard in Resources */,
			);
			runOnlyForDeploymentPostprocessing = 0;
		};
		8079B6812AEA595B00FEA60F /* Resources */ = {
			isa = PBXResourcesBuildPhase;
			buildActionMask = 2147483647;
			files = (
			);
			runOnlyForDeploymentPostprocessing = 0;
		};
		8079B68B2AEA595B00FEA60F /* Resources */ = {
			isa = PBXResourcesBuildPhase;
			buildActionMask = 2147483647;
			files = (
			);
			runOnlyForDeploymentPostprocessing = 0;
		};
/* End PBXResourcesBuildPhase section */

/* Begin PBXSourcesBuildPhase section */
		8079B6642AEA595900FEA60F /* Sources */ = {
			isa = PBXSourcesBuildPhase;
			buildActionMask = 2147483647;
			files = (
				8079B6732AEA595900FEA60F /* ViewController.m in Sources */,
				8079B66D2AEA595900FEA60F /* AppDelegate.m in Sources */,
				8079B67E2AEA595B00FEA60F /* main.m in Sources */,
				8079B6702AEA595900FEA60F /* SceneDelegate.m in Sources */,
			);
			runOnlyForDeploymentPostprocessing = 0;
		};
		8079B67F2AEA595B00FEA60F /* Sources */ = {
			isa = PBXSourcesBuildPhase;
			buildActionMask = 2147483647;
			files = (
				8079B6882AEA595B00FEA60F /* _0_UITableView__Tests.m in Sources */,
			);
			runOnlyForDeploymentPostprocessing = 0;
		};
		8079B6892AEA595B00FEA60F /* Sources */ = {
			isa = PBXSourcesBuildPhase;
			buildActionMask = 2147483647;
			files = (
				8079B6922AEA595B00FEA60F /* _0_UITableView__UITests.m in Sources */,
				8079B6942AEA595B00FEA60F /* _0_UITableView__UITestsLaunchTests.m in Sources */,
			);
			runOnlyForDeploymentPostprocessing = 0;
		};
/* End PBXSourcesBuildPhase section */

/* Begin PBXTargetDependency section */
		8079B6852AEA595B00FEA60F /* PBXTargetDependency */ = {
			isa = PBXTargetDependency;
			target = 8079B6672AEA595900FEA60F /* 40_UITableView协议 */;
			targetProxy = 8079B6842AEA595B00FEA60F /* PBXContainerItemProxy */;
		};
		8079B68F2AEA595B00FEA60F /* PBXTargetDependency */ = {
			isa = PBXTargetDependency;
			target = 8079B6672AEA595900FEA60F /* 40_UITableView协议 */;
			targetProxy = 8079B68E2AEA595B00FEA60F /* PBXContainerItemProxy */;
		};
/* End PBXTargetDependency section */

/* Begin PBXVariantGroup section */
		8079B6742AEA595900FEA60F /* Main.storyboard */ = {
			isa = PBXVariantGroup;
			children = (
				8079B6752AEA595900FEA60F /* Base */,
			);
			name = Main.storyboard;
			sourceTree = "<group>";
		};
		8079B6792AEA595B00FEA60F /* LaunchScreen.storyboard */ = {
			isa = PBXVariantGroup;
			children = (
				8079B67A2AEA595B00FEA60F /* Base */,
			);
			name = LaunchScreen.storyboard;
			sourceTree = "<group>";
		};
/* End PBXVariantGroup section */

/* Begin XCBuildConfiguration section */
		8079B6952AEA595B00FEA60F /* Debug */ = {
			isa = XCBuildConfiguration;
			buildSettings = {
				ALWAYS_SEARCH_USER_PATHS = NO;
				CLANG_ANALYZER_NONNULL = YES;
				CLANG_ANALYZER_NUMBER_OBJECT_CONVERSION = YES_AGGRESSIVE;
				CLANG_CXX_LANGUAGE_STANDARD = "gnu++20";
				CLANG_ENABLE_MODULES = YES;
				CLANG_ENABLE_OBJC_ARC = YES;
				CLANG_ENABLE_OBJC_WEAK = YES;
				CLANG_WARN_BLOCK_CAPTURE_AUTORELEASING = YES;
				CLANG_WARN_BOOL_CONVERSION = YES;
				CLANG_WARN_COMMA = YES;
				CLANG_WARN_CONSTANT_CONVERSION = YES;
				CLANG_WARN_DEPRECATED_OBJC_IMPLEMENTATIONS = YES;
				CLANG_WARN_DIRECT_OBJC_ISA_USAGE = YES_ERROR;
				CLANG_WARN_DOCUMENTATION_COMMENTS = YES;
				CLANG_WARN_EMPTY_BODY = YES;
				CLANG_WARN_ENUM_CONVERSION = YES;
				CLANG_WARN_INFINITE_RECURSION = YES;
				CLANG_WARN_INT_CONVERSION = YES;
				CLANG_WARN_NON_LITERAL_NULL_CONVERSION = YES;
				CLANG_WARN_OBJC_IMPLICIT_RETAIN_SELF = YES;
				CLANG_WARN_OBJC_LITERAL_CONVERSION = YES;
				CLANG_WARN_OBJC_ROOT_CLASS = YES_ERROR;
				CLANG_WARN_QUOTED_INCLUDE_IN_FRAMEWORK_HEADER = YES;
				CLANG_WARN_RANGE_LOOP_ANALYSIS = YES;
				CLANG_WARN_STRICT_PROTOTYPES = YES;
				CLANG_WARN_SUSPICIOUS_MOVE = YES;
				CLANG_WARN_UNGUARDED_AVAILABILITY = YES_AGGRESSIVE;
				CLANG_WARN_UNREACHABLE_CODE = YES;
				CLANG_WARN__DUPLICATE_METHOD_MATCH = YES;
				COPY_PHASE_STRIP = NO;
				DEBUG_INFORMATION_FORMAT = dwarf;
				ENABLE_STRICT_OBJC_MSGSEND = YES;
				ENABLE_TESTABILITY = YES;
				GCC_C_LANGUAGE_STANDARD = gnu11;
				GCC_DYNAMIC_NO_PIC = NO;
				GCC_NO_COMMON_BLOCKS = YES;
				GCC_OPTIMIZATION_LEVEL = 0;
				GCC_PREPROCESSOR_DEFINITIONS = (
					"DEBUG=1",
					"$(inherited)",
				);
				GCC_WARN_64_TO_32_BIT_CONVERSION = YES;
				GCC_WARN_ABOUT_RETURN_TYPE = YES_ERROR;
				GCC_WARN_UNDECLARED_SELECTOR = YES;
				GCC_WARN_UNINITIALIZED_AUTOS = YES_AGGRESSIVE;
				GCC_WARN_UNUSED_FUNCTION = YES;
				GCC_WARN_UNUSED_VARIABLE = YES;
				IPHONEOS_DEPLOYMENT_TARGET = 16.1;
				MTL_ENABLE_DEBUG_INFO = INCLUDE_SOURCE;
				MTL_FAST_MATH = YES;
				ONLY_ACTIVE_ARCH = YES;
				SDKROOT = iphoneos;
			};
			name = Debug;
		};
		8079B6962AEA595B00FEA60F /* Release */ = {
			isa = XCBuildConfiguration;
			buildSettings = {
				ALWAYS_SEARCH_USER_PATHS = NO;
				CLANG_ANALYZER_NONNULL = YES;
				CLANG_ANALYZER_NUMBER_OBJECT_CONVERSION = YES_AGGRESSIVE;
				CLANG_CXX_LANGUAGE_STANDARD = "gnu++20";
				CLANG_ENABLE_MODULES = YES;
				CLANG_ENABLE_OBJC_ARC = YES;
				CLANG_ENABLE_OBJC_WEAK = YES;
				CLANG_WARN_BLOCK_CAPTURE_AUTORELEASING = YES;
				CLANG_WARN_BOOL_CONVERSION = YES;
				CLANG_WARN_COMMA = YES;
				CLANG_WARN_CONSTANT_CONVERSION = YES;
				CLANG_WARN_DEPRECATED_OBJC_IMPLEMENTATIONS = YES;
				CLANG_WARN_DIRECT_OBJC_ISA_USAGE = YES_ERROR;
				CLANG_WARN_DOCUMENTATION_COMMENTS = YES;
				CLANG_WARN_EMPTY_BODY = YES;
				CLANG_WARN_ENUM_CONVERSION = YES;
				CLANG_WARN_INFINITE_RECURSION = YES;
				CLANG_WARN_INT_CONVERSION = YES;
				CLANG_WARN_NON_LITERAL_NULL_CONVERSION = YES;
				CLANG_WARN_OBJC_IMPLICIT_RETAIN_SELF = YES;
				CLANG_WARN_OBJC_LITERAL_CONVERSION = YES;
				CLANG_WARN_OBJC_ROOT_CLASS = YES_ERROR;
				CLANG_WARN_QUOTED_INCLUDE_IN_FRAMEWORK_HEADER = YES;
				CLANG_WARN_RANGE_LOOP_ANALYSIS = YES;
				CLANG_WARN_STRICT_PROTOTYPES = YES;
				CLANG_WARN_SUSPICIOUS_MOVE = YES;
				CLANG_WARN_UNGUARDED_AVAILABILITY = YES_AGGRESSIVE;
				CLANG_WARN_UNREACHABLE_CODE = YES;
				CLANG_WARN__DUPLICATE_METHOD_MATCH = YES;
				COPY_PHASE_STRIP = NO;
				DEBUG_INFORMATION_FORMAT = "dwarf-with-dsym";
				ENABLE_NS_ASSERTIONS = NO;
				ENABLE_STRICT_OBJC_MSGSEND = YES;
				GCC_C_LANGUAGE_STANDARD = gnu11;
				GCC_NO_COMMON_BLOCKS = YES;
				GCC_WARN_64_TO_32_BIT_CONVERSION = YES;
				GCC_WARN_ABOUT_RETURN_TYPE = YES_ERROR;
				GCC_WARN_UNDECLARED_SELECTOR = YES;
				GCC_WARN_UNINITIALIZED_AUTOS = YES_AGGRESSIVE;
				GCC_WARN_UNUSED_FUNCTION = YES;
				GCC_WARN_UNUSED_VARIABLE = YES;
				IPHONEOS_DEPLOYMENT_TARGET = 16.1;
				MTL_ENABLE_DEBUG_INFO = NO;
				MTL_FAST_MATH = YES;
				SDKROOT = iphoneos;
				VALIDATE_PRODUCT = YES;
			};
			name = Release;
		};
		8079B6982AEA595B00FEA60F /* Debug */ = {
			isa = XCBuildConfiguration;
			buildSettings = {
				ASSETCATALOG_COMPILER_APPICON_NAME = AppIcon;
				ASSETCATALOG_COMPILER_GLOBAL_ACCENT_COLOR_NAME = AccentColor;
				CODE_SIGN_STYLE = Automatic;
				CURRENT_PROJECT_VERSION = 1;
				GENERATE_INFOPLIST_FILE = YES;
				INFOPLIST_FILE = "40_UITableView协议/Info.plist";
				INFOPLIST_KEY_UIApplicationSupportsIndirectInputEvents = YES;
				INFOPLIST_KEY_UILaunchStoryboardName = LaunchScreen;
				INFOPLIST_KEY_UIMainStoryboardFile = Main;
				INFOPLIST_KEY_UISupportedInterfaceOrientations_iPad = "UIInterfaceOrientationPortrait UIInterfaceOrientationPortraitUpsideDown UIInterfaceOrientationLandscapeLeft UIInterfaceOrientationLandscapeRight";
				INFOPLIST_KEY_UISupportedInterfaceOrientations_iPhone = "UIInterfaceOrientationPortrait UIInterfaceOrientationLandscapeLeft UIInterfaceOrientationLandscapeRight";
				LD_RUNPATH_SEARCH_PATHS = (
					"$(inherited)",
					"@executable_path/Frameworks",
				);
				MARKETING_VERSION = 1.0;
				PRODUCT_BUNDLE_IDENTIFIER = "wangbo.-0-UITableView--";
				PRODUCT_NAME = "$(TARGET_NAME)";
				SWIFT_EMIT_LOC_STRINGS = YES;
				TARGETED_DEVICE_FAMILY = "1,2";
			};
			name = Debug;
		};
		8079B6992AEA595B00FEA60F /* Release */ = {
			isa = XCBuildConfiguration;
			buildSettings = {
				ASSETCATALOG_COMPILER_APPICON_NAME = AppIcon;
				ASSETCATALOG_COMPILER_GLOBAL_ACCENT_COLOR_NAME = AccentColor;
				CODE_SIGN_STYLE = Automatic;
				CURRENT_PROJECT_VERSION = 1;
				GENERATE_INFOPLIST_FILE = YES;
				INFOPLIST_FILE = "40_UITableView协议/Info.plist";
				INFOPLIST_KEY_UIApplicationSupportsIndirectInputEvents = YES;
				INFOPLIST_KEY_UILaunchStoryboardName = LaunchScreen;
				INFOPLIST_KEY_UIMainStoryboardFile = Main;
				INFOPLIST_KEY_UISupportedInterfaceOrientations_iPad = "UIInterfaceOrientationPortrait UIInterfaceOrientationPortraitUpsideDown UIInterfaceOrientationLandscapeLeft UIInterfaceOrientationLandscapeRight";
				INFOPLIST_KEY_UISupportedInterfaceOrientations_iPhone = "UIInterfaceOrientationPortrait UIInterfaceOrientationLandscapeLeft UIInterfaceOrientationLandscapeRight";
				LD_RUNPATH_SEARCH_PATHS = (
					"$(inherited)",
					"@executable_path/Frameworks",
				);
				MARKETING_VERSION = 1.0;
				PRODUCT_BUNDLE_IDENTIFIER = "wangbo.-0-UITableView--";
				PRODUCT_NAME = "$(TARGET_NAME)";
				SWIFT_EMIT_LOC_STRINGS = YES;
				TARGETED_DEVICE_FAMILY = "1,2";
			};
			name = Release;
		};
		8079B69B2AEA595B00FEA60F /* Debug */ = {
			isa = XCBuildConfiguration;
			buildSettings = {
				BUNDLE_LOADER = "$(TEST_HOST)";
				CODE_SIGN_STYLE = Automatic;
				CURRENT_PROJECT_VERSION = 1;
				GENERATE_INFOPLIST_FILE = YES;
				IPHONEOS_DEPLOYMENT_TARGET = 16.1;
				MARKETING_VERSION = 1.0;
				PRODUCT_BUNDLE_IDENTIFIER = "wangbo.-0-UITableView--Tests";
				PRODUCT_NAME = "$(TARGET_NAME)";
				SWIFT_EMIT_LOC_STRINGS = NO;
				TARGETED_DEVICE_FAMILY = "1,2";
				TEST_HOST = "$(BUILT_PRODUCTS_DIR)/40_UITableView协议.app/$(BUNDLE_EXECUTABLE_FOLDER_PATH)/40_UITableView协议";
			};
			name = Debug;
		};
		8079B69C2AEA595B00FEA60F /* Release */ = {
			isa = XCBuildConfiguration;
			buildSettings = {
				BUNDLE_LOADER = "$(TEST_HOST)";
				CODE_SIGN_STYLE = Automatic;
				CURRENT_PROJECT_VERSION = 1;
				GENERATE_INFOPLIST_FILE = YES;
				IPHONEOS_DEPLOYMENT_TARGET = 16.1;
				MARKETING_VERSION = 1.0;
				PRODUCT_BUNDLE_IDENTIFIER = "wangbo.-0-UITableView--Tests";
				PRODUCT_NAME = "$(TARGET_NAME)";
				SWIFT_EMIT_LOC_STRINGS = NO;
				TARGETED_DEVICE_FAMILY = "1,2";
				TEST_HOST = "$(BUILT_PRODUCTS_DIR)/40_UITableView协议.app/$(BUNDLE_EXECUTABLE_FOLDER_PATH)/40_UITableView协议";
			};
			name = Release;
		};
		8079B69E2AEA595B00FEA60F /* Debug */ = {
			isa = XCBuildConfiguration;
			buildSettings = {
				CODE_SIGN_STYLE = Automatic;
				CURRENT_PROJECT_VERSION = 1;
				GENERATE_INFOPLIST_FILE = YES;
				MARKETING_VERSION = 1.0;
				PRODUCT_BUNDLE_IDENTIFIER = "wangbo.-0-UITableView--UITests";
				PRODUCT_NAME = "$(TARGET_NAME)";
				SWIFT_EMIT_LOC_STRINGS = NO;
				TARGETED_DEVICE_FAMILY = "1,2";
				TEST_TARGET_NAME = "40_UITableView协议";
			};
			name = Debug;
		};
		8079B69F2AEA595B00FEA60F /* Release */ = {
			isa = XCBuildConfiguration;
			buildSettings = {
				CODE_SIGN_STYLE = Automatic;
				CURRENT_PROJECT_VERSION = 1;
				GENERATE_INFOPLIST_FILE = YES;
				MARKETING_VERSION = 1.0;
				PRODUCT_BUNDLE_IDENTIFIER = "wangbo.-0-UITableView--UITests";
				PRODUCT_NAME = "$(TARGET_NAME)";
				SWIFT_EMIT_LOC_STRINGS = NO;
				TARGETED_DEVICE_FAMILY = "1,2";
				TEST_TARGET_NAME = "40_UITableView协议";
			};
			name = Release;
		};
/* End XCBuildConfiguration section */

/* Begin XCConfigurationList section */
		8079B6632AEA595900FEA60F /* Build configuration list for PBXProject "40_UITableView协议" */ = {
			isa = XCConfigurationList;
			buildConfigurations = (
				8079B6952AEA595B00FEA60F /* Debug */,
				8079B6962AEA595B00FEA60F /* Release */,
			);
			defaultConfigurationIsVisible = 0;
			defaultConfigurationName = Release;
		};
		8079B6972AEA595B00FEA60F /* Build configuration list for PBXNativeTarget "40_UITableView协议" */ = {
			isa = XCConfigurationList;
			buildConfigurations = (
				8079B6982AEA595B00FEA60F /* Debug */,
				8079B6992AEA595B00FEA60F /* Release */,
			);
			defaultConfigurationIsVisible = 0;
			defaultConfigurationName = Release;
		};
		8079B69A2AEA595B00FEA60F /* Build configuration list for PBXNativeTarget "40_UITableView协议Tests" */ = {
			isa = XCConfigurationList;
			buildConfigurations = (
				8079B69B2AEA595B00FEA60F /* Debug */,
				8079B69C2AEA595B00FEA60F /* Release */,
			);
			defaultConfigurationIsVisible = 0;
			defaultConfigurationName = Release;
		};
		8079B69D2AEA595B00FEA60F /* Build configuration list for PBXNativeTarget "40_UITableView协议UITests" */ = {
			isa = XCConfigurationList;
			buildConfigurations = (
				8079B69E2AEA595B00FEA60F /* Debug */,
				8079B69F2AEA595B00FEA60F /* Release */,
			);
			defaultConfigurationIsVisible = 0;
			defaultConfigurationName = Release;
		};
/* End XCConfigurationList section */
	};
	rootObject = 8079B6602AEA595900FEA60F /* Project object */;
}
