// !$*UTF8*$!
{
	archiveVersion = 1;
	classes = {
	};
	objectVersion = 56;
	objects = {

/* Begin PBXBuildFile section */
		8079B45E2AE8018500FEA60F /* AppDelegate.m in Sources */ = {isa = PBXBuildFile; fileRef = 8079B45D2AE8018500FEA60F /* AppDelegate.m */; };
		8079B4612AE8018500FEA60F /* SceneDelegate.m in Sources */ = {isa = PBXBuildFile; fileRef = 8079B4602AE8018500FEA60F /* SceneDelegate.m */; };
		8079B4642AE8018500FEA60F /* ViewController.m in Sources */ = {isa = PBXBuildFile; fileRef = 8079B4632AE8018500FEA60F /* ViewController.m */; };
		8079B4672AE8018500FEA60F /* Main.storyboard in Resources */ = {isa = PBXBuildFile; fileRef = 8079B4652AE8018500FEA60F /* Main.storyboard */; };
		8079B4692AE8018700FEA60F /* Assets.xcassets in Resources */ = {isa = PBXBuildFile; fileRef = 8079B4682AE8018700FEA60F /* Assets.xcassets */; };
		8079B46C2AE8018700FEA60F /* LaunchScreen.storyboard in Resources */ = {isa = PBXBuildFile; fileRef = 8079B46A2AE8018700FEA60F /* LaunchScreen.storyboard */; };
		8079B46F2AE8018700FEA60F /* main.m in Sources */ = {isa = PBXBuildFile; fileRef = 8079B46E2AE8018700FEA60F /* main.m */; };
		8079B4792AE8018700FEA60F /* _1_________Tests.m in Sources */ = {isa = PBXBuildFile; fileRef = 8079B4782AE8018700FEA60F /* _1_________Tests.m */; };
		8079B4832AE8018700FEA60F /* _1_________UITests.m in Sources */ = {isa = PBXBuildFile; fileRef = 8079B4822AE8018700FEA60F /* _1_________UITests.m */; };
		8079B4852AE8018700FEA60F /* _1_________UITestsLaunchTests.m in Sources */ = {isa = PBXBuildFile; fileRef = 8079B4842AE8018700FEA60F /* _1_________UITestsLaunchTests.m */; };
		8079B4932AE801A700FEA60F /* VCRoot.m in Sources */ = {isa = PBXBuildFile; fileRef = 8079B4922AE801A700FEA60F /* VCRoot.m */; };
		8079B4962AE801B100FEA60F /* VCSecond.m in Sources */ = {isa = PBXBuildFile; fileRef = 8079B4952AE801B100FEA60F /* VCSecond.m */; };
/* End PBXBuildFile section */

/* Begin PBXContainerItemProxy section */
		8079B4752AE8018700FEA60F /* PBXContainerItemProxy */ = {
			isa = PBXContainerItemProxy;
			containerPortal = 8079B4512AE8018500FEA60F /* Project object */;
			proxyType = 1;
			remoteGlobalIDString = 8079B4582AE8018500FEA60F;
			remoteInfo = "31——导航栏和工具栏";
		};
		8079B47F2AE8018700FEA60F /* PBXContainerItemProxy */ = {
			isa = PBXContainerItemProxy;
			containerPortal = 8079B4512AE8018500FEA60F /* Project object */;
			proxyType = 1;
			remoteGlobalIDString = 8079B4582AE8018500FEA60F;
			remoteInfo = "31——导航栏和工具栏";
		};
/* End PBXContainerItemProxy section */

/* Begin PBXFileReference section */
		8079B4592AE8018500FEA60F /* 31——导航栏和工具栏.app */ = {isa = PBXFileReference; explicitFileType = wrapper.application; includeInIndex = 0; path = "31——导航栏和工具栏.app"; sourceTree = BUILT_PRODUCTS_DIR; };
		8079B45C2AE8018500FEA60F /* AppDelegate.h */ = {isa = PBXFileReference; lastKnownFileType = sourcecode.c.h; path = AppDelegate.h; sourceTree = "<group>"; };
		8079B45D2AE8018500FEA60F /* AppDelegate.m */ = {isa = PBXFileReference; lastKnownFileType = sourcecode.c.objc; path = AppDelegate.m; sourceTree = "<group>"; };
		8079B45F2AE8018500FEA60F /* SceneDelegate.h */ = {isa = PBXFileReference; lastKnownFileType = sourcecode.c.h; path = SceneDelegate.h; sourceTree = "<group>"; };
		8079B4602AE8018500FEA60F /* SceneDelegate.m */ = {isa = PBXFileReference; lastKnownFileType = sourcecode.c.objc; path = SceneDelegate.m; sourceTree = "<group>"; };
		8079B4622AE8018500FEA60F /* ViewController.h */ = {isa = PBXFileReference; lastKnownFileType = sourcecode.c.h; path = ViewController.h; sourceTree = "<group>"; };
		8079B4632AE8018500FEA60F /* ViewController.m */ = {isa = PBXFileReference; lastKnownFileType = sourcecode.c.objc; path = ViewController.m; sourceTree = "<group>"; };
		8079B4662AE8018500FEA60F /* Base */ = {isa = PBXFileReference; lastKnownFileType = file.storyboard; name = Base; path = Base.lproj/Main.storyboard; sourceTree = "<group>"; };
		8079B4682AE8018700FEA60F /* Assets.xcassets */ = {isa = PBXFileReference; lastKnownFileType = folder.assetcatalog; path = Assets.xcassets; sourceTree = "<group>"; };
		8079B46B2AE8018700FEA60F /* Base */ = {isa = PBXFileReference; lastKnownFileType = file.storyboard; name = Base; path = Base.lproj/LaunchScreen.storyboard; sourceTree = "<group>"; };
		8079B46D2AE8018700FEA60F /* Info.plist */ = {isa = PBXFileReference; lastKnownFileType = text.plist.xml; path = Info.plist; sourceTree = "<group>"; };
		8079B46E2AE8018700FEA60F /* main.m */ = {isa = PBXFileReference; lastKnownFileType = sourcecode.c.objc; path = main.m; sourceTree = "<group>"; };
		8079B4742AE8018700FEA60F /* 31——导航栏和工具栏Tests.xctest */ = {isa = PBXFileReference; explicitFileType = wrapper.cfbundle; includeInIndex = 0; path = "31——导航栏和工具栏Tests.xctest"; sourceTree = BUILT_PRODUCTS_DIR; };
		8079B4782AE8018700FEA60F /* _1_________Tests.m */ = {isa = PBXFileReference; lastKnownFileType = sourcecode.c.objc; path = "_1_________Tests.m"; sourceTree = "<group>"; };
		8079B47E2AE8018700FEA60F /* 31——导航栏和工具栏UITests.xctest */ = {isa = PBXFileReference; explicitFileType = wrapper.cfbundle; includeInIndex = 0; path = "31——导航栏和工具栏UITests.xctest"; sourceTree = BUILT_PRODUCTS_DIR; };
		8079B4822AE8018700FEA60F /* _1_________UITests.m */ = {isa = PBXFileReference; lastKnownFileType = sourcecode.c.objc; path = "_1_________UITests.m"; sourceTree = "<group>"; };
		8079B4842AE8018700FEA60F /* _1_________UITestsLaunchTests.m */ = {isa = PBXFileReference; lastKnownFileType = sourcecode.c.objc; path = "_1_________UITestsLaunchTests.m"; sourceTree = "<group>"; };
		8079B4912AE801A700FEA60F /* VCRoot.h */ = {isa = PBXFileReference; lastKnownFileType = sourcecode.c.h; path = VCRoot.h; sourceTree = "<group>"; };
		8079B4922AE801A700FEA60F /* VCRoot.m */ = {isa = PBXFileReference; lastKnownFileType = sourcecode.c.objc; path = VCRoot.m; sourceTree = "<group>"; };
		8079B4942AE801B100FEA60F /* VCSecond.h */ = {isa = PBXFileReference; lastKnownFileType = sourcecode.c.h; path = VCSecond.h; sourceTree = "<group>"; };
		8079B4952AE801B100FEA60F /* VCSecond.m */ = {isa = PBXFileReference; lastKnownFileType = sourcecode.c.objc; path = VCSecond.m; sourceTree = "<group>"; };
/* End PBXFileReference section */

/* Begin PBXFrameworksBuildPhase section */
		8079B4562AE8018500FEA60F /* Frameworks */ = {
			isa = PBXFrameworksBuildPhase;
			buildActionMask = 2147483647;
			files = (
			);
			runOnlyForDeploymentPostprocessing = 0;
		};
		8079B4712AE8018700FEA60F /* Frameworks */ = {
			isa = PBXFrameworksBuildPhase;
			buildActionMask = 2147483647;
			files = (
			);
			runOnlyForDeploymentPostprocessing = 0;
		};
		8079B47B2AE8018700FEA60F /* Frameworks */ = {
			isa = PBXFrameworksBuildPhase;
			buildActionMask = 2147483647;
			files = (
			);
			runOnlyForDeploymentPostprocessing = 0;
		};
/* End PBXFrameworksBuildPhase section */

/* Begin PBXGroup section */
		8079B4502AE8018500FEA60F = {
			isa = PBXGroup;
			children = (
				8079B45B2AE8018500FEA60F /* 31——导航栏和工具栏 */,
				8079B4772AE8018700FEA60F /* 31——导航栏和工具栏Tests */,
				8079B4812AE8018700FEA60F /* 31——导航栏和工具栏UITests */,
				8079B45A2AE8018500FEA60F /* Products */,
			);
			sourceTree = "<group>";
		};
		8079B45A2AE8018500FEA60F /* Products */ = {
			isa = PBXGroup;
			children = (
				8079B4592AE8018500FEA60F /* 31——导航栏和工具栏.app */,
				8079B4742AE8018700FEA60F /* 31——导航栏和工具栏Tests.xctest */,
				8079B47E2AE8018700FEA60F /* 31——导航栏和工具栏UITests.xctest */,
			);
			name = Products;
			sourceTree = "<group>";
		};
		8079B45B2AE8018500FEA60F /* 31——导航栏和工具栏 */ = {
			isa = PBXGroup;
			children = (
				8079B45C2AE8018500FEA60F /* AppDelegate.h */,
				8079B45D2AE8018500FEA60F /* AppDelegate.m */,
				8079B45F2AE8018500FEA60F /* SceneDelegate.h */,
				8079B4602AE8018500FEA60F /* SceneDelegate.m */,
				8079B4912AE801A700FEA60F /* VCRoot.h */,
				8079B4922AE801A700FEA60F /* VCRoot.m */,
				8079B4942AE801B100FEA60F /* VCSecond.h */,
				8079B4952AE801B100FEA60F /* VCSecond.m */,
				8079B4622AE8018500FEA60F /* ViewController.h */,
				8079B4632AE8018500FEA60F /* ViewController.m */,
				8079B4652AE8018500FEA60F /* Main.storyboard */,
				8079B4682AE8018700FEA60F /* Assets.xcassets */,
				8079B46A2AE8018700FEA60F /* LaunchScreen.storyboard */,
				8079B46D2AE8018700FEA60F /* Info.plist */,
				8079B46E2AE8018700FEA60F /* main.m */,
			);
			path = "31——导航栏和工具栏";
			sourceTree = "<group>";
		};
		8079B4772AE8018700FEA60F /* 31——导航栏和工具栏Tests */ = {
			isa = PBXGroup;
			children = (
				8079B4782AE8018700FEA60F /* _1_________Tests.m */,
			);
			path = "31——导航栏和工具栏Tests";
			sourceTree = "<group>";
		};
		8079B4812AE8018700FEA60F /* 31——导航栏和工具栏UITests */ = {
			isa = PBXGroup;
			children = (
				8079B4822AE8018700FEA60F /* _1_________UITests.m */,
				8079B4842AE8018700FEA60F /* _1_________UITestsLaunchTests.m */,
			);
			path = "31——导航栏和工具栏UITests";
			sourceTree = "<group>";
		};
/* End PBXGroup section */

/* Begin PBXNativeTarget section */
		8079B4582AE8018500FEA60F /* 31——导航栏和工具栏 */ = {
			isa = PBXNativeTarget;
			buildConfigurationList = 8079B4882AE8018700FEA60F /* Build configuration list for PBXNativeTarget "31——导航栏和工具栏" */;
			buildPhases = (
				8079B4552AE8018500FEA60F /* Sources */,
				8079B4562AE8018500FEA60F /* Frameworks */,
				8079B4572AE8018500FEA60F /* Resources */,
			);
			buildRules = (
			);
			dependencies = (
			);
			name = "31——导航栏和工具栏";
			productName = "31——导航栏和工具栏";
			productReference = 8079B4592AE8018500FEA60F /* 31——导航栏和工具栏.app */;
			productType = "com.apple.product-type.application";
		};
		8079B4732AE8018700FEA60F /* 31——导航栏和工具栏Tests */ = {
			isa = PBXNativeTarget;
			buildConfigurationList = 8079B48B2AE8018700FEA60F /* Build configuration list for PBXNativeTarget "31——导航栏和工具栏Tests" */;
			buildPhases = (
				8079B4702AE8018700FEA60F /* Sources */,
				8079B4712AE8018700FEA60F /* Frameworks */,
				8079B4722AE8018700FEA60F /* Resources */,
			);
			buildRules = (
			);
			dependencies = (
				8079B4762AE8018700FEA60F /* PBXTargetDependency */,
			);
			name = "31——导航栏和工具栏Tests";
			productName = "31——导航栏和工具栏Tests";
			productReference = 8079B4742AE8018700FEA60F /* 31——导航栏和工具栏Tests.xctest */;
			productType = "com.apple.product-type.bundle.unit-test";
		};
		8079B47D2AE8018700FEA60F /* 31——导航栏和工具栏UITests */ = {
			isa = PBXNativeTarget;
			buildConfigurationList = 8079B48E2AE8018700FEA60F /* Build configuration list for PBXNativeTarget "31——导航栏和工具栏UITests" */;
			buildPhases = (
				8079B47A2AE8018700FEA60F /* Sources */,
				8079B47B2AE8018700FEA60F /* Frameworks */,
				8079B47C2AE8018700FEA60F /* Resources */,
			);
			buildRules = (
			);
			dependencies = (
				8079B4802AE8018700FEA60F /* PBXTargetDependency */,
			);
			name = "31——导航栏和工具栏UITests";
			productName = "31——导航栏和工具栏UITests";
			productReference = 8079B47E2AE8018700FEA60F /* 31——导航栏和工具栏UITests.xctest */;
			productType = "com.apple.product-type.bundle.ui-testing";
		};
/* End PBXNativeTarget section */

/* Begin PBXProject section */
		8079B4512AE8018500FEA60F /* Project object */ = {
			isa = PBXProject;
			attributes = {
				BuildIndependentTargetsInParallel = 1;
				LastUpgradeCheck = 1410;
				TargetAttributes = {
					8079B4582AE8018500FEA60F = {
						CreatedOnToolsVersion = 14.1;
					};
					8079B4732AE8018700FEA60F = {
						CreatedOnToolsVersion = 14.1;
						TestTargetID = 8079B4582AE8018500FEA60F;
					};
					8079B47D2AE8018700FEA60F = {
						CreatedOnToolsVersion = 14.1;
						TestTargetID = 8079B4582AE8018500FEA60F;
					};
				};
			};
			buildConfigurationList = 8079B4542AE8018500FEA60F /* Build configuration list for PBXProject "31——导航栏和工具栏" */;
			compatibilityVersion = "Xcode 14.0";
			developmentRegion = en;
			hasScannedForEncodings = 0;
			knownRegions = (
				en,
				Base,
			);
			mainGroup = 8079B4502AE8018500FEA60F;
			productRefGroup = 8079B45A2AE8018500FEA60F /* Products */;
			projectDirPath = "";
			projectRoot = "";
			targets = (
				8079B4582AE8018500FEA60F /* 31——导航栏和工具栏 */,
				8079B4732AE8018700FEA60F /* 31——导航栏和工具栏Tests */,
				8079B47D2AE8018700FEA60F /* 31——导航栏和工具栏UITests */,
			);
		};
/* End PBXProject section */

/* Begin PBXResourcesBuildPhase section */
		8079B4572AE8018500FEA60F /* Resources */ = {
			isa = PBXResourcesBuildPhase;
			buildActionMask = 2147483647;
			files = (
				8079B46C2AE8018700FEA60F /* LaunchScreen.storyboard in Resources */,
				8079B4692AE8018700FEA60F /* Assets.xcassets in Resources */,
				8079B4672AE8018500FEA60F /* Main.storyboard in Resources */,
			);
			runOnlyForDeploymentPostprocessing = 0;
		};
		8079B4722AE8018700FEA60F /* Resources */ = {
			isa = PBXResourcesBuildPhase;
			buildActionMask = 2147483647;
			files = (
			);
			runOnlyForDeploymentPostprocessing = 0;
		};
		8079B47C2AE8018700FEA60F /* Resources */ = {
			isa = PBXResourcesBuildPhase;
			buildActionMask = 2147483647;
			files = (
			);
			runOnlyForDeploymentPostprocessing = 0;
		};
/* End PBXResourcesBuildPhase section */

/* Begin PBXSourcesBuildPhase section */
		8079B4552AE8018500FEA60F /* Sources */ = {
			isa = PBXSourcesBuildPhase;
			buildActionMask = 2147483647;
			files = (
				8079B4932AE801A700FEA60F /* VCRoot.m in Sources */,
				8079B4642AE8018500FEA60F /* ViewController.m in Sources */,
				8079B4962AE801B100FEA60F /* VCSecond.m in Sources */,
				8079B45E2AE8018500FEA60F /* AppDelegate.m in Sources */,
				8079B46F2AE8018700FEA60F /* main.m in Sources */,
				8079B4612AE8018500FEA60F /* SceneDelegate.m in Sources */,
			);
			runOnlyForDeploymentPostprocessing = 0;
		};
		8079B4702AE8018700FEA60F /* Sources */ = {
			isa = PBXSourcesBuildPhase;
			buildActionMask = 2147483647;
			files = (
				8079B4792AE8018700FEA60F /* _1_________Tests.m in Sources */,
			);
			runOnlyForDeploymentPostprocessing = 0;
		};
		8079B47A2AE8018700FEA60F /* Sources */ = {
			isa = PBXSourcesBuildPhase;
			buildActionMask = 2147483647;
			files = (
				8079B4852AE8018700FEA60F /* _1_________UITestsLaunchTests.m in Sources */,
				8079B4832AE8018700FEA60F /* _1_________UITests.m in Sources */,
			);
			runOnlyForDeploymentPostprocessing = 0;
		};
/* End PBXSourcesBuildPhase section */

/* Begin PBXTargetDependency section */
		8079B4762AE8018700FEA60F /* PBXTargetDependency */ = {
			isa = PBXTargetDependency;
			target = 8079B4582AE8018500FEA60F /* 31——导航栏和工具栏 */;
			targetProxy = 8079B4752AE8018700FEA60F /* PBXContainerItemProxy */;
		};
		8079B4802AE8018700FEA60F /* PBXTargetDependency */ = {
			isa = PBXTargetDependency;
			target = 8079B4582AE8018500FEA60F /* 31——导航栏和工具栏 */;
			targetProxy = 8079B47F2AE8018700FEA60F /* PBXContainerItemProxy */;
		};
/* End PBXTargetDependency section */

/* Begin PBXVariantGroup section */
		8079B4652AE8018500FEA60F /* Main.storyboard */ = {
			isa = PBXVariantGroup;
			children = (
				8079B4662AE8018500FEA60F /* Base */,
			);
			name = Main.storyboard;
			sourceTree = "<group>";
		};
		8079B46A2AE8018700FEA60F /* LaunchScreen.storyboard */ = {
			isa = PBXVariantGroup;
			children = (
				8079B46B2AE8018700FEA60F /* Base */,
			);
			name = LaunchScreen.storyboard;
			sourceTree = "<group>";
		};
/* End PBXVariantGroup section */

/* Begin XCBuildConfiguration section */
		8079B4862AE8018700FEA60F /* Debug */ = {
			isa = XCBuildConfiguration;
			buildSettings = {
				ALWAYS_SEARCH_USER_PATHS = NO;
				CLANG_ANALYZER_NONNULL = YES;
				CLANG_ANALYZER_NUMBER_OBJECT_CONVERSION = YES_AGGRESSIVE;
				CLANG_CXX_LANGUAGE_STANDARD = "gnu++20";
				CLANG_ENABLE_MODULES = YES;
				CLANG_ENABLE_OBJC_ARC = YES;
				CLANG_ENABLE_OBJC_WEAK = YES;
				CLANG_WARN_BLOCK_CAPTURE_AUTORELEASING = YES;
				CLANG_WARN_BOOL_CONVERSION = YES;
				CLANG_WARN_COMMA = YES;
				CLANG_WARN_CONSTANT_CONVERSION = YES;
				CLANG_WARN_DEPRECATED_OBJC_IMPLEMENTATIONS = YES;
				CLANG_WARN_DIRECT_OBJC_ISA_USAGE = YES_ERROR;
				CLANG_WARN_DOCUMENTATION_COMMENTS = YES;
				CLANG_WARN_EMPTY_BODY = YES;
				CLANG_WARN_ENUM_CONVERSION = YES;
				CLANG_WARN_INFINITE_RECURSION = YES;
				CLANG_WARN_INT_CONVERSION = YES;
				CLANG_WARN_NON_LITERAL_NULL_CONVERSION = YES;
				CLANG_WARN_OBJC_IMPLICIT_RETAIN_SELF = YES;
				CLANG_WARN_OBJC_LITERAL_CONVERSION = YES;
				CLANG_WARN_OBJC_ROOT_CLASS = YES_ERROR;
				CLANG_WARN_QUOTED_INCLUDE_IN_FRAMEWORK_HEADER = YES;
				CLANG_WARN_RANGE_LOOP_ANALYSIS = YES;
				CLANG_WARN_STRICT_PROTOTYPES = YES;
				CLANG_WARN_SUSPICIOUS_MOVE = YES;
				CLANG_WARN_UNGUARDED_AVAILABILITY = YES_AGGRESSIVE;
				CLANG_WARN_UNREACHABLE_CODE = YES;
				CLANG_WARN__DUPLICATE_METHOD_MATCH = YES;
				COPY_PHASE_STRIP = NO;
				DEBUG_INFORMATION_FORMAT = dwarf;
				ENABLE_STRICT_OBJC_MSGSEND = YES;
				ENABLE_TESTABILITY = YES;
				GCC_C_LANGUAGE_STANDARD = gnu11;
				GCC_DYNAMIC_NO_PIC = NO;
				GCC_NO_COMMON_BLOCKS = YES;
				GCC_OPTIMIZATION_LEVEL = 0;
				GCC_PREPROCESSOR_DEFINITIONS = (
					"DEBUG=1",
					"$(inherited)",
				);
				GCC_WARN_64_TO_32_BIT_CONVERSION = YES;
				GCC_WARN_ABOUT_RETURN_TYPE = YES_ERROR;
				GCC_WARN_UNDECLARED_SELECTOR = YES;
				GCC_WARN_UNINITIALIZED_AUTOS = YES_AGGRESSIVE;
				GCC_WARN_UNUSED_FUNCTION = YES;
				GCC_WARN_UNUSED_VARIABLE = YES;
				IPHONEOS_DEPLOYMENT_TARGET = 16.1;
				MTL_ENABLE_DEBUG_INFO = INCLUDE_SOURCE;
				MTL_FAST_MATH = YES;
				ONLY_ACTIVE_ARCH = YES;
				SDKROOT = iphoneos;
			};
			name = Debug;
		};
		8079B4872AE8018700FEA60F /* Release */ = {
			isa = XCBuildConfiguration;
			buildSettings = {
				ALWAYS_SEARCH_USER_PATHS = NO;
				CLANG_ANALYZER_NONNULL = YES;
				CLANG_ANALYZER_NUMBER_OBJECT_CONVERSION = YES_AGGRESSIVE;
				CLANG_CXX_LANGUAGE_STANDARD = "gnu++20";
				CLANG_ENABLE_MODULES = YES;
				CLANG_ENABLE_OBJC_ARC = YES;
				CLANG_ENABLE_OBJC_WEAK = YES;
				CLANG_WARN_BLOCK_CAPTURE_AUTORELEASING = YES;
				CLANG_WARN_BOOL_CONVERSION = YES;
				CLANG_WARN_COMMA = YES;
				CLANG_WARN_CONSTANT_CONVERSION = YES;
				CLANG_WARN_DEPRECATED_OBJC_IMPLEMENTATIONS = YES;
				CLANG_WARN_DIRECT_OBJC_ISA_USAGE = YES_ERROR;
				CLANG_WARN_DOCUMENTATION_COMMENTS = YES;
				CLANG_WARN_EMPTY_BODY = YES;
				CLANG_WARN_ENUM_CONVERSION = YES;
				CLANG_WARN_INFINITE_RECURSION = YES;
				CLANG_WARN_INT_CONVERSION = YES;
				CLANG_WARN_NON_LITERAL_NULL_CONVERSION = YES;
				CLANG_WARN_OBJC_IMPLICIT_RETAIN_SELF = YES;
				CLANG_WARN_OBJC_LITERAL_CONVERSION = YES;
				CLANG_WARN_OBJC_ROOT_CLASS = YES_ERROR;
				CLANG_WARN_QUOTED_INCLUDE_IN_FRAMEWORK_HEADER = YES;
				CLANG_WARN_RANGE_LOOP_ANALYSIS = YES;
				CLANG_WARN_STRICT_PROTOTYPES = YES;
				CLANG_WARN_SUSPICIOUS_MOVE = YES;
				CLANG_WARN_UNGUARDED_AVAILABILITY = YES_AGGRESSIVE;
				CLANG_WARN_UNREACHABLE_CODE = YES;
				CLANG_WARN__DUPLICATE_METHOD_MATCH = YES;
				COPY_PHASE_STRIP = NO;
				DEBUG_INFORMATION_FORMAT = "dwarf-with-dsym";
				ENABLE_NS_ASSERTIONS = NO;
				ENABLE_STRICT_OBJC_MSGSEND = YES;
				GCC_C_LANGUAGE_STANDARD = gnu11;
				GCC_NO_COMMON_BLOCKS = YES;
				GCC_WARN_64_TO_32_BIT_CONVERSION = YES;
				GCC_WARN_ABOUT_RETURN_TYPE = YES_ERROR;
				GCC_WARN_UNDECLARED_SELECTOR = YES;
				GCC_WARN_UNINITIALIZED_AUTOS = YES_AGGRESSIVE;
				GCC_WARN_UNUSED_FUNCTION = YES;
				GCC_WARN_UNUSED_VARIABLE = YES;
				IPHONEOS_DEPLOYMENT_TARGET = 16.1;
				MTL_ENABLE_DEBUG_INFO = NO;
				MTL_FAST_MATH = YES;
				SDKROOT = iphoneos;
				VALIDATE_PRODUCT = YES;
			};
			name = Release;
		};
		8079B4892AE8018700FEA60F /* Debug */ = {
			isa = XCBuildConfiguration;
			buildSettings = {
				ASSETCATALOG_COMPILER_APPICON_NAME = AppIcon;
				ASSETCATALOG_COMPILER_GLOBAL_ACCENT_COLOR_NAME = AccentColor;
				CODE_SIGN_STYLE = Automatic;
				CURRENT_PROJECT_VERSION = 1;
				GENERATE_INFOPLIST_FILE = YES;
				INFOPLIST_FILE = "31——导航栏和工具栏/Info.plist";
				INFOPLIST_KEY_UIApplicationSupportsIndirectInputEvents = YES;
				INFOPLIST_KEY_UILaunchStoryboardName = LaunchScreen;
				INFOPLIST_KEY_UIMainStoryboardFile = Main;
				INFOPLIST_KEY_UISupportedInterfaceOrientations_iPad = "UIInterfaceOrientationPortrait UIInterfaceOrientationPortraitUpsideDown UIInterfaceOrientationLandscapeLeft UIInterfaceOrientationLandscapeRight";
				INFOPLIST_KEY_UISupportedInterfaceOrientations_iPhone = "UIInterfaceOrientationPortrait UIInterfaceOrientationLandscapeLeft UIInterfaceOrientationLandscapeRight";
				LD_RUNPATH_SEARCH_PATHS = (
					"$(inherited)",
					"@executable_path/Frameworks",
				);
				MARKETING_VERSION = 1.0;
				PRODUCT_BUNDLE_IDENTIFIER = "wangbo.-1---------";
				PRODUCT_NAME = "$(TARGET_NAME)";
				SWIFT_EMIT_LOC_STRINGS = YES;
				TARGETED_DEVICE_FAMILY = "1,2";
			};
			name = Debug;
		};
		8079B48A2AE8018700FEA60F /* Release */ = {
			isa = XCBuildConfiguration;
			buildSettings = {
				ASSETCATALOG_COMPILER_APPICON_NAME = AppIcon;
				ASSETCATALOG_COMPILER_GLOBAL_ACCENT_COLOR_NAME = AccentColor;
				CODE_SIGN_STYLE = Automatic;
				CURRENT_PROJECT_VERSION = 1;
				GENERATE_INFOPLIST_FILE = YES;
				INFOPLIST_FILE = "31——导航栏和工具栏/Info.plist";
				INFOPLIST_KEY_UIApplicationSupportsIndirectInputEvents = YES;
				INFOPLIST_KEY_UILaunchStoryboardName = LaunchScreen;
				INFOPLIST_KEY_UIMainStoryboardFile = Main;
				INFOPLIST_KEY_UISupportedInterfaceOrientations_iPad = "UIInterfaceOrientationPortrait UIInterfaceOrientationPortraitUpsideDown UIInterfaceOrientationLandscapeLeft UIInterfaceOrientationLandscapeRight";
				INFOPLIST_KEY_UISupportedInterfaceOrientations_iPhone = "UIInterfaceOrientationPortrait UIInterfaceOrientationLandscapeLeft UIInterfaceOrientationLandscapeRight";
				LD_RUNPATH_SEARCH_PATHS = (
					"$(inherited)",
					"@executable_path/Frameworks",
				);
				MARKETING_VERSION = 1.0;
				PRODUCT_BUNDLE_IDENTIFIER = "wangbo.-1---------";
				PRODUCT_NAME = "$(TARGET_NAME)";
				SWIFT_EMIT_LOC_STRINGS = YES;
				TARGETED_DEVICE_FAMILY = "1,2";
			};
			name = Release;
		};
		8079B48C2AE8018700FEA60F /* Debug */ = {
			isa = XCBuildConfiguration;
			buildSettings = {
				BUNDLE_LOADER = "$(TEST_HOST)";
				CODE_SIGN_STYLE = Automatic;
				CURRENT_PROJECT_VERSION = 1;
				GENERATE_INFOPLIST_FILE = YES;
				IPHONEOS_DEPLOYMENT_TARGET = 16.1;
				MARKETING_VERSION = 1.0;
				PRODUCT_BUNDLE_IDENTIFIER = "wangbo.-1---------Tests";
				PRODUCT_NAME = "$(TARGET_NAME)";
				SWIFT_EMIT_LOC_STRINGS = NO;
				TARGETED_DEVICE_FAMILY = "1,2";
				TEST_HOST = "$(BUILT_PRODUCTS_DIR)/31——导航栏和工具栏.app/$(BUNDLE_EXECUTABLE_FOLDER_PATH)/31——导航栏和工具栏";
			};
			name = Debug;
		};
		8079B48D2AE8018700FEA60F /* Release */ = {
			isa = XCBuildConfiguration;
			buildSettings = {
				BUNDLE_LOADER = "$(TEST_HOST)";
				CODE_SIGN_STYLE = Automatic;
				CURRENT_PROJECT_VERSION = 1;
				GENERATE_INFOPLIST_FILE = YES;
				IPHONEOS_DEPLOYMENT_TARGET = 16.1;
				MARKETING_VERSION = 1.0;
				PRODUCT_BUNDLE_IDENTIFIER = "wangbo.-1---------Tests";
				PRODUCT_NAME = "$(TARGET_NAME)";
				SWIFT_EMIT_LOC_STRINGS = NO;
				TARGETED_DEVICE_FAMILY = "1,2";
				TEST_HOST = "$(BUILT_PRODUCTS_DIR)/31——导航栏和工具栏.app/$(BUNDLE_EXECUTABLE_FOLDER_PATH)/31——导航栏和工具栏";
			};
			name = Release;
		};
		8079B48F2AE8018700FEA60F /* Debug */ = {
			isa = XCBuildConfiguration;
			buildSettings = {
				CODE_SIGN_STYLE = Automatic;
				CURRENT_PROJECT_VERSION = 1;
				GENERATE_INFOPLIST_FILE = YES;
				MARKETING_VERSION = 1.0;
				PRODUCT_BUNDLE_IDENTIFIER = "wangbo.-1---------UITests";
				PRODUCT_NAME = "$(TARGET_NAME)";
				SWIFT_EMIT_LOC_STRINGS = NO;
				TARGETED_DEVICE_FAMILY = "1,2";
				TEST_TARGET_NAME = "31——导航栏和工具栏";
			};
			name = Debug;
		};
		8079B4902AE8018700FEA60F /* Release */ = {
			isa = XCBuildConfiguration;
			buildSettings = {
				CODE_SIGN_STYLE = Automatic;
				CURRENT_PROJECT_VERSION = 1;
				GENERATE_INFOPLIST_FILE = YES;
				MARKETING_VERSION = 1.0;
				PRODUCT_BUNDLE_IDENTIFIER = "wangbo.-1---------UITests";
				PRODUCT_NAME = "$(TARGET_NAME)";
				SWIFT_EMIT_LOC_STRINGS = NO;
				TARGETED_DEVICE_FAMILY = "1,2";
				TEST_TARGET_NAME = "31——导航栏和工具栏";
			};
			name = Release;
		};
/* End XCBuildConfiguration section */

/* Begin XCConfigurationList section */
		8079B4542AE8018500FEA60F /* Build configuration list for PBXProject "31——导航栏和工具栏" */ = {
			isa = XCConfigurationList;
			buildConfigurations = (
				8079B4862AE8018700FEA60F /* Debug */,
				8079B4872AE8018700FEA60F /* Release */,
			);
			defaultConfigurationIsVisible = 0;
			defaultConfigurationName = Release;
		};
		8079B4882AE8018700FEA60F /* Build configuration list for PBXNativeTarget "31——导航栏和工具栏" */ = {
			isa = XCConfigurationList;
			buildConfigurations = (
				8079B4892AE8018700FEA60F /* Debug */,
				8079B48A2AE8018700FEA60F /* Release */,
			);
			defaultConfigurationIsVisible = 0;
			defaultConfigurationName = Release;
		};
		8079B48B2AE8018700FEA60F /* Build configuration list for PBXNativeTarget "31——导航栏和工具栏Tests" */ = {
			isa = XCConfigurationList;
			buildConfigurations = (
				8079B48C2AE8018700FEA60F /* Debug */,
				8079B48D2AE8018700FEA60F /* Release */,
			);
			defaultConfigurationIsVisible = 0;
			defaultConfigurationName = Release;
		};
		8079B48E2AE8018700FEA60F /* Build configuration list for PBXNativeTarget "31——导航栏和工具栏UITests" */ = {
			isa = XCConfigurationList;
			buildConfigurations = (
				8079B48F2AE8018700FEA60F /* Debug */,
				8079B4902AE8018700FEA60F /* Release */,
			);
			defaultConfigurationIsVisible = 0;
			defaultConfigurationName = Release;
		};
/* End XCConfigurationList section */
	};
	rootObject = 8079B4512AE8018500FEA60F /* Project object */;
}
