// !$*UTF8*$!
{
	archiveVersion = 1;
	classes = {
	};
	objectVersion = 56;
	objects = {

/* Begin PBXBuildFile section */
		8079B5422AE8F99700FEA60F /* AppDelegate.m in Sources */ = {isa = PBXBuildFile; fileRef = 8079B5412AE8F99700FEA60F /* AppDelegate.m */; };
		8079B5452AE8F99700FEA60F /* SceneDelegate.m in Sources */ = {isa = PBXBuildFile; fileRef = 8079B5442AE8F99700FEA60F /* SceneDelegate.m */; };
		8079B54B2AE8F99700FEA60F /* Main.storyboard in Resources */ = {isa = PBXBuildFile; fileRef = 8079B5492AE8F99700FEA60F /* Main.storyboard */; };
		8079B54D2AE8F99900FEA60F /* Assets.xcassets in Resources */ = {isa = PBXBuildFile; fileRef = 8079B54C2AE8F99900FEA60F /* Assets.xcassets */; };
		8079B5502AE8F99900FEA60F /* LaunchScreen.storyboard in Resources */ = {isa = PBXBuildFile; fileRef = 8079B54E2AE8F99900FEA60F /* LaunchScreen.storyboard */; };
		8079B5532AE8F99900FEA60F /* main.m in Sources */ = {isa = PBXBuildFile; fileRef = 8079B5522AE8F99900FEA60F /* main.m */; };
		8079B55D2AE8F99900FEA60F /* _4______Tests.m in Sources */ = {isa = PBXBuildFile; fileRef = 8079B55C2AE8F99900FEA60F /* _4______Tests.m */; };
		8079B5672AE8F99900FEA60F /* _4______UITests.m in Sources */ = {isa = PBXBuildFile; fileRef = 8079B5662AE8F99900FEA60F /* _4______UITests.m */; };
		8079B5692AE8F99900FEA60F /* _4______UITestsLaunchTests.m in Sources */ = {isa = PBXBuildFile; fileRef = 8079B5682AE8F99900FEA60F /* _4______UITestsLaunchTests.m */; };
		8079B5772AE8FB0A00FEA60F /* VCRoot.m in Sources */ = {isa = PBXBuildFile; fileRef = 8079B5762AE8FB0A00FEA60F /* VCRoot.m */; };
		8079B5842AE92D8600FEA60F /* 2.png in Resources */ = {isa = PBXBuildFile; fileRef = 8079B5782AE92D8600FEA60F /* 2.png */; };
		8079B5852AE92D8600FEA60F /* 11.png in Resources */ = {isa = PBXBuildFile; fileRef = 8079B5792AE92D8600FEA60F /* 11.png */; };
		8079B5862AE92D8600FEA60F /* 3.png in Resources */ = {isa = PBXBuildFile; fileRef = 8079B57A2AE92D8600FEA60F /* 3.png */; };
		8079B5872AE92D8600FEA60F /* 5.png in Resources */ = {isa = PBXBuildFile; fileRef = 8079B57B2AE92D8600FEA60F /* 5.png */; };
		8079B5882AE92D8600FEA60F /* 1.png in Resources */ = {isa = PBXBuildFile; fileRef = 8079B57C2AE92D8600FEA60F /* 1.png */; };
		8079B5892AE92D8600FEA60F /* 10.png in Resources */ = {isa = PBXBuildFile; fileRef = 8079B57D2AE92D8600FEA60F /* 10.png */; };
		8079B58A2AE92D8600FEA60F /* 8.png in Resources */ = {isa = PBXBuildFile; fileRef = 8079B57E2AE92D8600FEA60F /* 8.png */; };
		8079B58B2AE92D8600FEA60F /* 9.png in Resources */ = {isa = PBXBuildFile; fileRef = 8079B57F2AE92D8600FEA60F /* 9.png */; };
		8079B58C2AE92D8600FEA60F /* 4.png in Resources */ = {isa = PBXBuildFile; fileRef = 8079B5802AE92D8600FEA60F /* 4.png */; };
		8079B58D2AE92D8600FEA60F /* 12.png in Resources */ = {isa = PBXBuildFile; fileRef = 8079B5812AE92D8600FEA60F /* 12.png */; };
		8079B58E2AE92D8600FEA60F /* 6.png in Resources */ = {isa = PBXBuildFile; fileRef = 8079B5822AE92D8600FEA60F /* 6.png */; };
		8079B58F2AE92D8600FEA60F /* 7.png in Resources */ = {isa = PBXBuildFile; fileRef = 8079B5832AE92D8600FEA60F /* 7.png */; };
		8079B5922AE9307100FEA60F /* VCImageShow.m in Sources */ = {isa = PBXBuildFile; fileRef = 8079B5912AE9307100FEA60F /* VCImageShow.m */; };
/* End PBXBuildFile section */

/* Begin PBXContainerItemProxy section */
		8079B5592AE8F99900FEA60F /* PBXContainerItemProxy */ = {
			isa = PBXContainerItemProxy;
			containerPortal = 8079B5352AE8F99700FEA60F /* Project object */;
			proxyType = 1;
			remoteGlobalIDString = 8079B53C2AE8F99700FEA60F;
			remoteInfo = "34_照片墙案例";
		};
		8079B5632AE8F99900FEA60F /* PBXContainerItemProxy */ = {
			isa = PBXContainerItemProxy;
			containerPortal = 8079B5352AE8F99700FEA60F /* Project object */;
			proxyType = 1;
			remoteGlobalIDString = 8079B53C2AE8F99700FEA60F;
			remoteInfo = "34_照片墙案例";
		};
/* End PBXContainerItemProxy section */

/* Begin PBXFileReference section */
		8079B53D2AE8F99700FEA60F /* 34_照片墙案例.app */ = {isa = PBXFileReference; explicitFileType = wrapper.application; includeInIndex = 0; path = "34_照片墙案例.app"; sourceTree = BUILT_PRODUCTS_DIR; };
		8079B5402AE8F99700FEA60F /* AppDelegate.h */ = {isa = PBXFileReference; lastKnownFileType = sourcecode.c.h; path = AppDelegate.h; sourceTree = "<group>"; };
		8079B5412AE8F99700FEA60F /* AppDelegate.m */ = {isa = PBXFileReference; lastKnownFileType = sourcecode.c.objc; path = AppDelegate.m; sourceTree = "<group>"; };
		8079B5432AE8F99700FEA60F /* SceneDelegate.h */ = {isa = PBXFileReference; lastKnownFileType = sourcecode.c.h; path = SceneDelegate.h; sourceTree = "<group>"; };
		8079B5442AE8F99700FEA60F /* SceneDelegate.m */ = {isa = PBXFileReference; lastKnownFileType = sourcecode.c.objc; path = SceneDelegate.m; sourceTree = "<group>"; };
		8079B54A2AE8F99700FEA60F /* Base */ = {isa = PBXFileReference; lastKnownFileType = file.storyboard; name = Base; path = Base.lproj/Main.storyboard; sourceTree = "<group>"; };
		8079B54C2AE8F99900FEA60F /* Assets.xcassets */ = {isa = PBXFileReference; lastKnownFileType = folder.assetcatalog; path = Assets.xcassets; sourceTree = "<group>"; };
		8079B54F2AE8F99900FEA60F /* Base */ = {isa = PBXFileReference; lastKnownFileType = file.storyboard; name = Base; path = Base.lproj/LaunchScreen.storyboard; sourceTree = "<group>"; };
		8079B5512AE8F99900FEA60F /* Info.plist */ = {isa = PBXFileReference; lastKnownFileType = text.plist.xml; path = Info.plist; sourceTree = "<group>"; };
		8079B5522AE8F99900FEA60F /* main.m */ = {isa = PBXFileReference; lastKnownFileType = sourcecode.c.objc; path = main.m; sourceTree = "<group>"; };
		8079B5582AE8F99900FEA60F /* 34_照片墙案例Tests.xctest */ = {isa = PBXFileReference; explicitFileType = wrapper.cfbundle; includeInIndex = 0; path = "34_照片墙案例Tests.xctest"; sourceTree = BUILT_PRODUCTS_DIR; };
		8079B55C2AE8F99900FEA60F /* _4______Tests.m */ = {isa = PBXFileReference; lastKnownFileType = sourcecode.c.objc; path = "_4______Tests.m"; sourceTree = "<group>"; };
		8079B5622AE8F99900FEA60F /* 34_照片墙案例UITests.xctest */ = {isa = PBXFileReference; explicitFileType = wrapper.cfbundle; includeInIndex = 0; path = "34_照片墙案例UITests.xctest"; sourceTree = BUILT_PRODUCTS_DIR; };
		8079B5662AE8F99900FEA60F /* _4______UITests.m */ = {isa = PBXFileReference; lastKnownFileType = sourcecode.c.objc; path = "_4______UITests.m"; sourceTree = "<group>"; };
		8079B5682AE8F99900FEA60F /* _4______UITestsLaunchTests.m */ = {isa = PBXFileReference; lastKnownFileType = sourcecode.c.objc; path = "_4______UITestsLaunchTests.m"; sourceTree = "<group>"; };
		8079B5752AE8FB0A00FEA60F /* VCRoot.h */ = {isa = PBXFileReference; lastKnownFileType = sourcecode.c.h; path = VCRoot.h; sourceTree = "<group>"; };
		8079B5762AE8FB0A00FEA60F /* VCRoot.m */ = {isa = PBXFileReference; lastKnownFileType = sourcecode.c.objc; path = VCRoot.m; sourceTree = "<group>"; };
		8079B5782AE92D8600FEA60F /* 2.png */ = {isa = PBXFileReference; lastKnownFileType = image.png; name = 2.png; path = ../../../Downloads/2.png; sourceTree = "<group>"; };
		8079B5792AE92D8600FEA60F /* 11.png */ = {isa = PBXFileReference; lastKnownFileType = image.png; name = 11.png; path = ../../../Downloads/11.png; sourceTree = "<group>"; };
		8079B57A2AE92D8600FEA60F /* 3.png */ = {isa = PBXFileReference; lastKnownFileType = image.png; name = 3.png; path = ../../../Downloads/3.png; sourceTree = "<group>"; };
		8079B57B2AE92D8600FEA60F /* 5.png */ = {isa = PBXFileReference; lastKnownFileType = image.png; name = 5.png; path = ../../../Downloads/5.png; sourceTree = "<group>"; };
		8079B57C2AE92D8600FEA60F /* 1.png */ = {isa = PBXFileReference; lastKnownFileType = image.png; name = 1.png; path = ../../../Downloads/1.png; sourceTree = "<group>"; };
		8079B57D2AE92D8600FEA60F /* 10.png */ = {isa = PBXFileReference; lastKnownFileType = image.png; name = 10.png; path = ../../../Downloads/10.png; sourceTree = "<group>"; };
		8079B57E2AE92D8600FEA60F /* 8.png */ = {isa = PBXFileReference; lastKnownFileType = image.png; name = 8.png; path = ../../../Downloads/8.png; sourceTree = "<group>"; };
		8079B57F2AE92D8600FEA60F /* 9.png */ = {isa = PBXFileReference; lastKnownFileType = image.png; name = 9.png; path = ../../../Downloads/9.png; sourceTree = "<group>"; };
		8079B5802AE92D8600FEA60F /* 4.png */ = {isa = PBXFileReference; lastKnownFileType = image.png; name = 4.png; path = ../../../Downloads/4.png; sourceTree = "<group>"; };
		8079B5812AE92D8600FEA60F /* 12.png */ = {isa = PBXFileReference; lastKnownFileType = image.png; name = 12.png; path = ../../../Downloads/12.png; sourceTree = "<group>"; };
		8079B5822AE92D8600FEA60F /* 6.png */ = {isa = PBXFileReference; lastKnownFileType = image.png; name = 6.png; path = ../../../Downloads/6.png; sourceTree = "<group>"; };
		8079B5832AE92D8600FEA60F /* 7.png */ = {isa = PBXFileReference; lastKnownFileType = image.png; name = 7.png; path = ../../../Downloads/7.png; sourceTree = "<group>"; };
		8079B5902AE9307100FEA60F /* VCImageShow.h */ = {isa = PBXFileReference; lastKnownFileType = sourcecode.c.h; path = VCImageShow.h; sourceTree = "<group>"; };
		8079B5912AE9307100FEA60F /* VCImageShow.m */ = {isa = PBXFileReference; lastKnownFileType = sourcecode.c.objc; path = VCImageShow.m; sourceTree = "<group>"; };
/* End PBXFileReference section */

/* Begin PBXFrameworksBuildPhase section */
		8079B53A2AE8F99700FEA60F /* Frameworks */ = {
			isa = PBXFrameworksBuildPhase;
			buildActionMask = 2147483647;
			files = (
			);
			runOnlyForDeploymentPostprocessing = 0;
		};
		8079B5552AE8F99900FEA60F /* Frameworks */ = {
			isa = PBXFrameworksBuildPhase;
			buildActionMask = 2147483647;
			files = (
			);
			runOnlyForDeploymentPostprocessing = 0;
		};
		8079B55F2AE8F99900FEA60F /* Frameworks */ = {
			isa = PBXFrameworksBuildPhase;
			buildActionMask = 2147483647;
			files = (
			);
			runOnlyForDeploymentPostprocessing = 0;
		};
/* End PBXFrameworksBuildPhase section */

/* Begin PBXGroup section */
		8079B5342AE8F99700FEA60F = {
			isa = PBXGroup;
			children = (
				8079B57C2AE92D8600FEA60F /* 1.png */,
				8079B5782AE92D8600FEA60F /* 2.png */,
				8079B57A2AE92D8600FEA60F /* 3.png */,
				8079B5802AE92D8600FEA60F /* 4.png */,
				8079B57B2AE92D8600FEA60F /* 5.png */,
				8079B5822AE92D8600FEA60F /* 6.png */,
				8079B5832AE92D8600FEA60F /* 7.png */,
				8079B57E2AE92D8600FEA60F /* 8.png */,
				8079B57F2AE92D8600FEA60F /* 9.png */,
				8079B57D2AE92D8600FEA60F /* 10.png */,
				8079B5792AE92D8600FEA60F /* 11.png */,
				8079B5812AE92D8600FEA60F /* 12.png */,
				8079B53F2AE8F99700FEA60F /* 34_照片墙案例 */,
				8079B55B2AE8F99900FEA60F /* 34_照片墙案例Tests */,
				8079B5652AE8F99900FEA60F /* 34_照片墙案例UITests */,
				8079B53E2AE8F99700FEA60F /* Products */,
			);
			sourceTree = "<group>";
		};
		8079B53E2AE8F99700FEA60F /* Products */ = {
			isa = PBXGroup;
			children = (
				8079B53D2AE8F99700FEA60F /* 34_照片墙案例.app */,
				8079B5582AE8F99900FEA60F /* 34_照片墙案例Tests.xctest */,
				8079B5622AE8F99900FEA60F /* 34_照片墙案例UITests.xctest */,
			);
			name = Products;
			sourceTree = "<group>";
		};
		8079B53F2AE8F99700FEA60F /* 34_照片墙案例 */ = {
			isa = PBXGroup;
			children = (
				8079B5402AE8F99700FEA60F /* AppDelegate.h */,
				8079B5412AE8F99700FEA60F /* AppDelegate.m */,
				8079B5432AE8F99700FEA60F /* SceneDelegate.h */,
				8079B5442AE8F99700FEA60F /* SceneDelegate.m */,
				8079B5752AE8FB0A00FEA60F /* VCRoot.h */,
				8079B5762AE8FB0A00FEA60F /* VCRoot.m */,
				8079B5902AE9307100FEA60F /* VCImageShow.h */,
				8079B5912AE9307100FEA60F /* VCImageShow.m */,
				8079B5492AE8F99700FEA60F /* Main.storyboard */,
				8079B54C2AE8F99900FEA60F /* Assets.xcassets */,
				8079B54E2AE8F99900FEA60F /* LaunchScreen.storyboard */,
				8079B5512AE8F99900FEA60F /* Info.plist */,
				8079B5522AE8F99900FEA60F /* main.m */,
			);
			path = "34_照片墙案例";
			sourceTree = "<group>";
		};
		8079B55B2AE8F99900FEA60F /* 34_照片墙案例Tests */ = {
			isa = PBXGroup;
			children = (
				8079B55C2AE8F99900FEA60F /* _4______Tests.m */,
			);
			path = "34_照片墙案例Tests";
			sourceTree = "<group>";
		};
		8079B5652AE8F99900FEA60F /* 34_照片墙案例UITests */ = {
			isa = PBXGroup;
			children = (
				8079B5662AE8F99900FEA60F /* _4______UITests.m */,
				8079B5682AE8F99900FEA60F /* _4______UITestsLaunchTests.m */,
			);
			path = "34_照片墙案例UITests";
			sourceTree = "<group>";
		};
/* End PBXGroup section */

/* Begin PBXNativeTarget section */
		8079B53C2AE8F99700FEA60F /* 34_照片墙案例 */ = {
			isa = PBXNativeTarget;
			buildConfigurationList = 8079B56C2AE8F99900FEA60F /* Build configuration list for PBXNativeTarget "34_照片墙案例" */;
			buildPhases = (
				8079B5392AE8F99700FEA60F /* Sources */,
				8079B53A2AE8F99700FEA60F /* Frameworks */,
				8079B53B2AE8F99700FEA60F /* Resources */,
			);
			buildRules = (
			);
			dependencies = (
			);
			name = "34_照片墙案例";
			productName = "34_照片墙案例";
			productReference = 8079B53D2AE8F99700FEA60F /* 34_照片墙案例.app */;
			productType = "com.apple.product-type.application";
		};
		8079B5572AE8F99900FEA60F /* 34_照片墙案例Tests */ = {
			isa = PBXNativeTarget;
			buildConfigurationList = 8079B56F2AE8F99900FEA60F /* Build configuration list for PBXNativeTarget "34_照片墙案例Tests" */;
			buildPhases = (
				8079B5542AE8F99900FEA60F /* Sources */,
				8079B5552AE8F99900FEA60F /* Frameworks */,
				8079B5562AE8F99900FEA60F /* Resources */,
			);
			buildRules = (
			);
			dependencies = (
				8079B55A2AE8F99900FEA60F /* PBXTargetDependency */,
			);
			name = "34_照片墙案例Tests";
			productName = "34_照片墙案例Tests";
			productReference = 8079B5582AE8F99900FEA60F /* 34_照片墙案例Tests.xctest */;
			productType = "com.apple.product-type.bundle.unit-test";
		};
		8079B5612AE8F99900FEA60F /* 34_照片墙案例UITests */ = {
			isa = PBXNativeTarget;
			buildConfigurationList = 8079B5722AE8F99900FEA60F /* Build configuration list for PBXNativeTarget "34_照片墙案例UITests" */;
			buildPhases = (
				8079B55E2AE8F99900FEA60F /* Sources */,
				8079B55F2AE8F99900FEA60F /* Frameworks */,
				8079B5602AE8F99900FEA60F /* Resources */,
			);
			buildRules = (
			);
			dependencies = (
				8079B5642AE8F99900FEA60F /* PBXTargetDependency */,
			);
			name = "34_照片墙案例UITests";
			productName = "34_照片墙案例UITests";
			productReference = 8079B5622AE8F99900FEA60F /* 34_照片墙案例UITests.xctest */;
			productType = "com.apple.product-type.bundle.ui-testing";
		};
/* End PBXNativeTarget section */

/* Begin PBXProject section */
		8079B5352AE8F99700FEA60F /* Project object */ = {
			isa = PBXProject;
			attributes = {
				BuildIndependentTargetsInParallel = 1;
				LastUpgradeCheck = 1410;
				TargetAttributes = {
					8079B53C2AE8F99700FEA60F = {
						CreatedOnToolsVersion = 14.1;
					};
					8079B5572AE8F99900FEA60F = {
						CreatedOnToolsVersion = 14.1;
						TestTargetID = 8079B53C2AE8F99700FEA60F;
					};
					8079B5612AE8F99900FEA60F = {
						CreatedOnToolsVersion = 14.1;
						TestTargetID = 8079B53C2AE8F99700FEA60F;
					};
				};
			};
			buildConfigurationList = 8079B5382AE8F99700FEA60F /* Build configuration list for PBXProject "34_照片墙案例" */;
			compatibilityVersion = "Xcode 14.0";
			developmentRegion = en;
			hasScannedForEncodings = 0;
			knownRegions = (
				en,
				Base,
			);
			mainGroup = 8079B5342AE8F99700FEA60F;
			productRefGroup = 8079B53E2AE8F99700FEA60F /* Products */;
			projectDirPath = "";
			projectRoot = "";
			targets = (
				8079B53C2AE8F99700FEA60F /* 34_照片墙案例 */,
				8079B5572AE8F99900FEA60F /* 34_照片墙案例Tests */,
				8079B5612AE8F99900FEA60F /* 34_照片墙案例UITests */,
			);
		};
/* End PBXProject section */

/* Begin PBXResourcesBuildPhase section */
		8079B53B2AE8F99700FEA60F /* Resources */ = {
			isa = PBXResourcesBuildPhase;
			buildActionMask = 2147483647;
			files = (
				8079B58E2AE92D8600FEA60F /* 6.png in Resources */,
				8079B58D2AE92D8600FEA60F /* 12.png in Resources */,
				8079B58C2AE92D8600FEA60F /* 4.png in Resources */,
				8079B58B2AE92D8600FEA60F /* 9.png in Resources */,
				8079B58A2AE92D8600FEA60F /* 8.png in Resources */,
				8079B5852AE92D8600FEA60F /* 11.png in Resources */,
				8079B5882AE92D8600FEA60F /* 1.png in Resources */,
				8079B5502AE8F99900FEA60F /* LaunchScreen.storyboard in Resources */,
				8079B54D2AE8F99900FEA60F /* Assets.xcassets in Resources */,
				8079B5862AE92D8600FEA60F /* 3.png in Resources */,
				8079B5892AE92D8600FEA60F /* 10.png in Resources */,
				8079B5872AE92D8600FEA60F /* 5.png in Resources */,
				8079B58F2AE92D8600FEA60F /* 7.png in Resources */,
				8079B5842AE92D8600FEA60F /* 2.png in Resources */,
				8079B54B2AE8F99700FEA60F /* Main.storyboard in Resources */,
			);
			runOnlyForDeploymentPostprocessing = 0;
		};
		8079B5562AE8F99900FEA60F /* Resources */ = {
			isa = PBXResourcesBuildPhase;
			buildActionMask = 2147483647;
			files = (
			);
			runOnlyForDeploymentPostprocessing = 0;
		};
		8079B5602AE8F99900FEA60F /* Resources */ = {
			isa = PBXResourcesBuildPhase;
			buildActionMask = 2147483647;
			files = (
			);
			runOnlyForDeploymentPostprocessing = 0;
		};
/* End PBXResourcesBuildPhase section */

/* Begin PBXSourcesBuildPhase section */
		8079B5392AE8F99700FEA60F /* Sources */ = {
			isa = PBXSourcesBuildPhase;
			buildActionMask = 2147483647;
			files = (
				8079B5772AE8FB0A00FEA60F /* VCRoot.m in Sources */,
				8079B5422AE8F99700FEA60F /* AppDelegate.m in Sources */,
				8079B5922AE9307100FEA60F /* VCImageShow.m in Sources */,
				8079B5532AE8F99900FEA60F /* main.m in Sources */,
				8079B5452AE8F99700FEA60F /* SceneDelegate.m in Sources */,
			);
			runOnlyForDeploymentPostprocessing = 0;
		};
		8079B5542AE8F99900FEA60F /* Sources */ = {
			isa = PBXSourcesBuildPhase;
			buildActionMask = 2147483647;
			files = (
				8079B55D2AE8F99900FEA60F /* _4______Tests.m in Sources */,
			);
			runOnlyForDeploymentPostprocessing = 0;
		};
		8079B55E2AE8F99900FEA60F /* Sources */ = {
			isa = PBXSourcesBuildPhase;
			buildActionMask = 2147483647;
			files = (
				8079B5672AE8F99900FEA60F /* _4______UITests.m in Sources */,
				8079B5692AE8F99900FEA60F /* _4______UITestsLaunchTests.m in Sources */,
			);
			runOnlyForDeploymentPostprocessing = 0;
		};
/* End PBXSourcesBuildPhase section */

/* Begin PBXTargetDependency section */
		8079B55A2AE8F99900FEA60F /* PBXTargetDependency */ = {
			isa = PBXTargetDependency;
			target = 8079B53C2AE8F99700FEA60F /* 34_照片墙案例 */;
			targetProxy = 8079B5592AE8F99900FEA60F /* PBXContainerItemProxy */;
		};
		8079B5642AE8F99900FEA60F /* PBXTargetDependency */ = {
			isa = PBXTargetDependency;
			target = 8079B53C2AE8F99700FEA60F /* 34_照片墙案例 */;
			targetProxy = 8079B5632AE8F99900FEA60F /* PBXContainerItemProxy */;
		};
/* End PBXTargetDependency section */

/* Begin PBXVariantGroup section */
		8079B5492AE8F99700FEA60F /* Main.storyboard */ = {
			isa = PBXVariantGroup;
			children = (
				8079B54A2AE8F99700FEA60F /* Base */,
			);
			name = Main.storyboard;
			sourceTree = "<group>";
		};
		8079B54E2AE8F99900FEA60F /* LaunchScreen.storyboard */ = {
			isa = PBXVariantGroup;
			children = (
				8079B54F2AE8F99900FEA60F /* Base */,
			);
			name = LaunchScreen.storyboard;
			sourceTree = "<group>";
		};
/* End PBXVariantGroup section */

/* Begin XCBuildConfiguration section */
		8079B56A2AE8F99900FEA60F /* Debug */ = {
			isa = XCBuildConfiguration;
			buildSettings = {
				ALWAYS_SEARCH_USER_PATHS = NO;
				CLANG_ANALYZER_NONNULL = YES;
				CLANG_ANALYZER_NUMBER_OBJECT_CONVERSION = YES_AGGRESSIVE;
				CLANG_CXX_LANGUAGE_STANDARD = "gnu++20";
				CLANG_ENABLE_MODULES = YES;
				CLANG_ENABLE_OBJC_ARC = YES;
				CLANG_ENABLE_OBJC_WEAK = YES;
				CLANG_WARN_BLOCK_CAPTURE_AUTORELEASING = YES;
				CLANG_WARN_BOOL_CONVERSION = YES;
				CLANG_WARN_COMMA = YES;
				CLANG_WARN_CONSTANT_CONVERSION = YES;
				CLANG_WARN_DEPRECATED_OBJC_IMPLEMENTATIONS = YES;
				CLANG_WARN_DIRECT_OBJC_ISA_USAGE = YES_ERROR;
				CLANG_WARN_DOCUMENTATION_COMMENTS = YES;
				CLANG_WARN_EMPTY_BODY = YES;
				CLANG_WARN_ENUM_CONVERSION = YES;
				CLANG_WARN_INFINITE_RECURSION = YES;
				CLANG_WARN_INT_CONVERSION = YES;
				CLANG_WARN_NON_LITERAL_NULL_CONVERSION = YES;
				CLANG_WARN_OBJC_IMPLICIT_RETAIN_SELF = YES;
				CLANG_WARN_OBJC_LITERAL_CONVERSION = YES;
				CLANG_WARN_OBJC_ROOT_CLASS = YES_ERROR;
				CLANG_WARN_QUOTED_INCLUDE_IN_FRAMEWORK_HEADER = YES;
				CLANG_WARN_RANGE_LOOP_ANALYSIS = YES;
				CLANG_WARN_STRICT_PROTOTYPES = YES;
				CLANG_WARN_SUSPICIOUS_MOVE = YES;
				CLANG_WARN_UNGUARDED_AVAILABILITY = YES_AGGRESSIVE;
				CLANG_WARN_UNREACHABLE_CODE = YES;
				CLANG_WARN__DUPLICATE_METHOD_MATCH = YES;
				COPY_PHASE_STRIP = NO;
				DEBUG_INFORMATION_FORMAT = dwarf;
				ENABLE_STRICT_OBJC_MSGSEND = YES;
				ENABLE_TESTABILITY = YES;
				GCC_C_LANGUAGE_STANDARD = gnu11;
				GCC_DYNAMIC_NO_PIC = NO;
				GCC_NO_COMMON_BLOCKS = YES;
				GCC_OPTIMIZATION_LEVEL = 0;
				GCC_PREPROCESSOR_DEFINITIONS = (
					"DEBUG=1",
					"$(inherited)",
				);
				GCC_WARN_64_TO_32_BIT_CONVERSION = YES;
				GCC_WARN_ABOUT_RETURN_TYPE = YES_ERROR;
				GCC_WARN_UNDECLARED_SELECTOR = YES;
				GCC_WARN_UNINITIALIZED_AUTOS = YES_AGGRESSIVE;
				GCC_WARN_UNUSED_FUNCTION = YES;
				GCC_WARN_UNUSED_VARIABLE = YES;
				IPHONEOS_DEPLOYMENT_TARGET = 16.1;
				MTL_ENABLE_DEBUG_INFO = INCLUDE_SOURCE;
				MTL_FAST_MATH = YES;
				ONLY_ACTIVE_ARCH = YES;
				SDKROOT = iphoneos;
			};
			name = Debug;
		};
		8079B56B2AE8F99900FEA60F /* Release */ = {
			isa = XCBuildConfiguration;
			buildSettings = {
				ALWAYS_SEARCH_USER_PATHS = NO;
				CLANG_ANALYZER_NONNULL = YES;
				CLANG_ANALYZER_NUMBER_OBJECT_CONVERSION = YES_AGGRESSIVE;
				CLANG_CXX_LANGUAGE_STANDARD = "gnu++20";
				CLANG_ENABLE_MODULES = YES;
				CLANG_ENABLE_OBJC_ARC = YES;
				CLANG_ENABLE_OBJC_WEAK = YES;
				CLANG_WARN_BLOCK_CAPTURE_AUTORELEASING = YES;
				CLANG_WARN_BOOL_CONVERSION = YES;
				CLANG_WARN_COMMA = YES;
				CLANG_WARN_CONSTANT_CONVERSION = YES;
				CLANG_WARN_DEPRECATED_OBJC_IMPLEMENTATIONS = YES;
				CLANG_WARN_DIRECT_OBJC_ISA_USAGE = YES_ERROR;
				CLANG_WARN_DOCUMENTATION_COMMENTS = YES;
				CLANG_WARN_EMPTY_BODY = YES;
				CLANG_WARN_ENUM_CONVERSION = YES;
				CLANG_WARN_INFINITE_RECURSION = YES;
				CLANG_WARN_INT_CONVERSION = YES;
				CLANG_WARN_NON_LITERAL_NULL_CONVERSION = YES;
				CLANG_WARN_OBJC_IMPLICIT_RETAIN_SELF = YES;
				CLANG_WARN_OBJC_LITERAL_CONVERSION = YES;
				CLANG_WARN_OBJC_ROOT_CLASS = YES_ERROR;
				CLANG_WARN_QUOTED_INCLUDE_IN_FRAMEWORK_HEADER = YES;
				CLANG_WARN_RANGE_LOOP_ANALYSIS = YES;
				CLANG_WARN_STRICT_PROTOTYPES = YES;
				CLANG_WARN_SUSPICIOUS_MOVE = YES;
				CLANG_WARN_UNGUARDED_AVAILABILITY = YES_AGGRESSIVE;
				CLANG_WARN_UNREACHABLE_CODE = YES;
				CLANG_WARN__DUPLICATE_METHOD_MATCH = YES;
				COPY_PHASE_STRIP = NO;
				DEBUG_INFORMATION_FORMAT = "dwarf-with-dsym";
				ENABLE_NS_ASSERTIONS = NO;
				ENABLE_STRICT_OBJC_MSGSEND = YES;
				GCC_C_LANGUAGE_STANDARD = gnu11;
				GCC_NO_COMMON_BLOCKS = YES;
				GCC_WARN_64_TO_32_BIT_CONVERSION = YES;
				GCC_WARN_ABOUT_RETURN_TYPE = YES_ERROR;
				GCC_WARN_UNDECLARED_SELECTOR = YES;
				GCC_WARN_UNINITIALIZED_AUTOS = YES_AGGRESSIVE;
				GCC_WARN_UNUSED_FUNCTION = YES;
				GCC_WARN_UNUSED_VARIABLE = YES;
				IPHONEOS_DEPLOYMENT_TARGET = 16.1;
				MTL_ENABLE_DEBUG_INFO = NO;
				MTL_FAST_MATH = YES;
				SDKROOT = iphoneos;
				VALIDATE_PRODUCT = YES;
			};
			name = Release;
		};
		8079B56D2AE8F99900FEA60F /* Debug */ = {
			isa = XCBuildConfiguration;
			buildSettings = {
				ASSETCATALOG_COMPILER_APPICON_NAME = AppIcon;
				ASSETCATALOG_COMPILER_GLOBAL_ACCENT_COLOR_NAME = AccentColor;
				CODE_SIGN_STYLE = Automatic;
				CURRENT_PROJECT_VERSION = 1;
				GENERATE_INFOPLIST_FILE = YES;
				INFOPLIST_FILE = "34_照片墙案例/Info.plist";
				INFOPLIST_KEY_UIApplicationSupportsIndirectInputEvents = YES;
				INFOPLIST_KEY_UILaunchStoryboardName = LaunchScreen;
				INFOPLIST_KEY_UIMainStoryboardFile = Main;
				INFOPLIST_KEY_UISupportedInterfaceOrientations_iPad = "UIInterfaceOrientationPortrait UIInterfaceOrientationPortraitUpsideDown UIInterfaceOrientationLandscapeLeft UIInterfaceOrientationLandscapeRight";
				INFOPLIST_KEY_UISupportedInterfaceOrientations_iPhone = "UIInterfaceOrientationPortrait UIInterfaceOrientationLandscapeLeft UIInterfaceOrientationLandscapeRight";
				LD_RUNPATH_SEARCH_PATHS = (
					"$(inherited)",
					"@executable_path/Frameworks",
				);
				MARKETING_VERSION = 1.0;
				PRODUCT_BUNDLE_IDENTIFIER = "wangbo.-4------";
				PRODUCT_NAME = "$(TARGET_NAME)";
				SWIFT_EMIT_LOC_STRINGS = YES;
				TARGETED_DEVICE_FAMILY = "1,2";
			};
			name = Debug;
		};
		8079B56E2AE8F99900FEA60F /* Release */ = {
			isa = XCBuildConfiguration;
			buildSettings = {
				ASSETCATALOG_COMPILER_APPICON_NAME = AppIcon;
				ASSETCATALOG_COMPILER_GLOBAL_ACCENT_COLOR_NAME = AccentColor;
				CODE_SIGN_STYLE = Automatic;
				CURRENT_PROJECT_VERSION = 1;
				GENERATE_INFOPLIST_FILE = YES;
				INFOPLIST_FILE = "34_照片墙案例/Info.plist";
				INFOPLIST_KEY_UIApplicationSupportsIndirectInputEvents = YES;
				INFOPLIST_KEY_UILaunchStoryboardName = LaunchScreen;
				INFOPLIST_KEY_UIMainStoryboardFile = Main;
				INFOPLIST_KEY_UISupportedInterfaceOrientations_iPad = "UIInterfaceOrientationPortrait UIInterfaceOrientationPortraitUpsideDown UIInterfaceOrientationLandscapeLeft UIInterfaceOrientationLandscapeRight";
				INFOPLIST_KEY_UISupportedInterfaceOrientations_iPhone = "UIInterfaceOrientationPortrait UIInterfaceOrientationLandscapeLeft UIInterfaceOrientationLandscapeRight";
				LD_RUNPATH_SEARCH_PATHS = (
					"$(inherited)",
					"@executable_path/Frameworks",
				);
				MARKETING_VERSION = 1.0;
				PRODUCT_BUNDLE_IDENTIFIER = "wangbo.-4------";
				PRODUCT_NAME = "$(TARGET_NAME)";
				SWIFT_EMIT_LOC_STRINGS = YES;
				TARGETED_DEVICE_FAMILY = "1,2";
			};
			name = Release;
		};
		8079B5702AE8F99900FEA60F /* Debug */ = {
			isa = XCBuildConfiguration;
			buildSettings = {
				BUNDLE_LOADER = "$(TEST_HOST)";
				CODE_SIGN_STYLE = Automatic;
				CURRENT_PROJECT_VERSION = 1;
				GENERATE_INFOPLIST_FILE = YES;
				IPHONEOS_DEPLOYMENT_TARGET = 16.1;
				MARKETING_VERSION = 1.0;
				PRODUCT_BUNDLE_IDENTIFIER = "wangbo.-4------Tests";
				PRODUCT_NAME = "$(TARGET_NAME)";
				SWIFT_EMIT_LOC_STRINGS = NO;
				TARGETED_DEVICE_FAMILY = "1,2";
				TEST_HOST = "$(BUILT_PRODUCTS_DIR)/34_照片墙案例.app/$(BUNDLE_EXECUTABLE_FOLDER_PATH)/34_照片墙案例";
			};
			name = Debug;
		};
		8079B5712AE8F99900FEA60F /* Release */ = {
			isa = XCBuildConfiguration;
			buildSettings = {
				BUNDLE_LOADER = "$(TEST_HOST)";
				CODE_SIGN_STYLE = Automatic;
				CURRENT_PROJECT_VERSION = 1;
				GENERATE_INFOPLIST_FILE = YES;
				IPHONEOS_DEPLOYMENT_TARGET = 16.1;
				MARKETING_VERSION = 1.0;
				PRODUCT_BUNDLE_IDENTIFIER = "wangbo.-4------Tests";
				PRODUCT_NAME = "$(TARGET_NAME)";
				SWIFT_EMIT_LOC_STRINGS = NO;
				TARGETED_DEVICE_FAMILY = "1,2";
				TEST_HOST = "$(BUILT_PRODUCTS_DIR)/34_照片墙案例.app/$(BUNDLE_EXECUTABLE_FOLDER_PATH)/34_照片墙案例";
			};
			name = Release;
		};
		8079B5732AE8F99900FEA60F /* Debug */ = {
			isa = XCBuildConfiguration;
			buildSettings = {
				CODE_SIGN_STYLE = Automatic;
				CURRENT_PROJECT_VERSION = 1;
				GENERATE_INFOPLIST_FILE = YES;
				MARKETING_VERSION = 1.0;
				PRODUCT_BUNDLE_IDENTIFIER = "wangbo.-4------UITests";
				PRODUCT_NAME = "$(TARGET_NAME)";
				SWIFT_EMIT_LOC_STRINGS = NO;
				TARGETED_DEVICE_FAMILY = "1,2";
				TEST_TARGET_NAME = "34_照片墙案例";
			};
			name = Debug;
		};
		8079B5742AE8F99900FEA60F /* Release */ = {
			isa = XCBuildConfiguration;
			buildSettings = {
				CODE_SIGN_STYLE = Automatic;
				CURRENT_PROJECT_VERSION = 1;
				GENERATE_INFOPLIST_FILE = YES;
				MARKETING_VERSION = 1.0;
				PRODUCT_BUNDLE_IDENTIFIER = "wangbo.-4------UITests";
				PRODUCT_NAME = "$(TARGET_NAME)";
				SWIFT_EMIT_LOC_STRINGS = NO;
				TARGETED_DEVICE_FAMILY = "1,2";
				TEST_TARGET_NAME = "34_照片墙案例";
			};
			name = Release;
		};
/* End XCBuildConfiguration section */

/* Begin XCConfigurationList section */
		8079B5382AE8F99700FEA60F /* Build configuration list for PBXProject "34_照片墙案例" */ = {
			isa = XCConfigurationList;
			buildConfigurations = (
				8079B56A2AE8F99900FEA60F /* Debug */,
				8079B56B2AE8F99900FEA60F /* Release */,
			);
			defaultConfigurationIsVisible = 0;
			defaultConfigurationName = Release;
		};
		8079B56C2AE8F99900FEA60F /* Build configuration list for PBXNativeTarget "34_照片墙案例" */ = {
			isa = XCConfigurationList;
			buildConfigurations = (
				8079B56D2AE8F99900FEA60F /* Debug */,
				8079B56E2AE8F99900FEA60F /* Release */,
			);
			defaultConfigurationIsVisible = 0;
			defaultConfigurationName = Release;
		};
		8079B56F2AE8F99900FEA60F /* Build configuration list for PBXNativeTarget "34_照片墙案例Tests" */ = {
			isa = XCConfigurationList;
			buildConfigurations = (
				8079B5702AE8F99900FEA60F /* Debug */,
				8079B5712AE8F99900FEA60F /* Release */,
			);
			defaultConfigurationIsVisible = 0;
			defaultConfigurationName = Release;
		};
		8079B5722AE8F99900FEA60F /* Build configuration list for PBXNativeTarget "34_照片墙案例UITests" */ = {
			isa = XCConfigurationList;
			buildConfigurations = (
				8079B5732AE8F99900FEA60F /* Debug */,
				8079B5742AE8F99900FEA60F /* Release */,
			);
			defaultConfigurationIsVisible = 0;
			defaultConfigurationName = Release;
		};
/* End XCConfigurationList section */
	};
	rootObject = 8079B5352AE8F99700FEA60F /* Project object */;
}
