// !$*UTF8*$!
{
	archiveVersion = 1;
	classes = {
	};
	objectVersion = 56;
	objects = {

/* Begin PBXBuildFile section */
		8079B3CA2AE7E93E00FEA60F /* AppDelegate.m in Sources */ = {isa = PBXBuildFile; fileRef = 8079B3C92AE7E93E00FEA60F /* AppDelegate.m */; };
		8079B3CD2AE7E93E00FEA60F /* SceneDelegate.m in Sources */ = {isa = PBXBuildFile; fileRef = 8079B3CC2AE7E93E00FEA60F /* SceneDelegate.m */; };
		8079B3D02AE7E93E00FEA60F /* ViewController.m in Sources */ = {isa = PBXBuildFile; fileRef = 8079B3CF2AE7E93E00FEA60F /* ViewController.m */; };
		8079B3D32AE7E93E00FEA60F /* Main.storyboard in Resources */ = {isa = PBXBuildFile; fileRef = 8079B3D12AE7E93E00FEA60F /* Main.storyboard */; };
		8079B3D52AE7E94000FEA60F /* Assets.xcassets in Resources */ = {isa = PBXBuildFile; fileRef = 8079B3D42AE7E94000FEA60F /* Assets.xcassets */; };
		8079B3D82AE7E94000FEA60F /* LaunchScreen.storyboard in Resources */ = {isa = PBXBuildFile; fileRef = 8079B3D62AE7E94000FEA60F /* LaunchScreen.storyboard */; };
		8079B3DB2AE7E94000FEA60F /* main.m in Sources */ = {isa = PBXBuildFile; fileRef = 8079B3DA2AE7E94000FEA60F /* main.m */; };
		8079B3E52AE7E94000FEA60F /* _8_UIViewController__Tests.m in Sources */ = {isa = PBXBuildFile; fileRef = 8079B3E42AE7E94000FEA60F /* _8_UIViewController__Tests.m */; };
		8079B3EF2AE7E94000FEA60F /* _8_UIViewController__UITests.m in Sources */ = {isa = PBXBuildFile; fileRef = 8079B3EE2AE7E94000FEA60F /* _8_UIViewController__UITests.m */; };
		8079B3F12AE7E94000FEA60F /* _8_UIViewController__UITestsLaunchTests.m in Sources */ = {isa = PBXBuildFile; fileRef = 8079B3F02AE7E94000FEA60F /* _8_UIViewController__UITestsLaunchTests.m */; };
/* End PBXBuildFile section */

/* Begin PBXContainerItemProxy section */
		8079B3E12AE7E94000FEA60F /* PBXContainerItemProxy */ = {
			isa = PBXContainerItemProxy;
			containerPortal = 8079B3BD2AE7E93E00FEA60F /* Project object */;
			proxyType = 1;
			remoteGlobalIDString = 8079B3C42AE7E93E00FEA60F;
			remoteInfo = "08_UIViewController基础";
		};
		8079B3EB2AE7E94000FEA60F /* PBXContainerItemProxy */ = {
			isa = PBXContainerItemProxy;
			containerPortal = 8079B3BD2AE7E93E00FEA60F /* Project object */;
			proxyType = 1;
			remoteGlobalIDString = 8079B3C42AE7E93E00FEA60F;
			remoteInfo = "08_UIViewController基础";
		};
/* End PBXContainerItemProxy section */

/* Begin PBXFileReference section */
		8079B3C52AE7E93E00FEA60F /* 08_UIViewController基础.app */ = {isa = PBXFileReference; explicitFileType = wrapper.application; includeInIndex = 0; path = "08_UIViewController基础.app"; sourceTree = BUILT_PRODUCTS_DIR; };
		8079B3C82AE7E93E00FEA60F /* AppDelegate.h */ = {isa = PBXFileReference; lastKnownFileType = sourcecode.c.h; path = AppDelegate.h; sourceTree = "<group>"; };
		8079B3C92AE7E93E00FEA60F /* AppDelegate.m */ = {isa = PBXFileReference; lastKnownFileType = sourcecode.c.objc; path = AppDelegate.m; sourceTree = "<group>"; };
		8079B3CB2AE7E93E00FEA60F /* SceneDelegate.h */ = {isa = PBXFileReference; lastKnownFileType = sourcecode.c.h; path = SceneDelegate.h; sourceTree = "<group>"; };
		8079B3CC2AE7E93E00FEA60F /* SceneDelegate.m */ = {isa = PBXFileReference; lastKnownFileType = sourcecode.c.objc; path = SceneDelegate.m; sourceTree = "<group>"; };
		8079B3CE2AE7E93E00FEA60F /* ViewController.h */ = {isa = PBXFileReference; lastKnownFileType = sourcecode.c.h; path = ViewController.h; sourceTree = "<group>"; };
		8079B3CF2AE7E93E00FEA60F /* ViewController.m */ = {isa = PBXFileReference; lastKnownFileType = sourcecode.c.objc; path = ViewController.m; sourceTree = "<group>"; };
		8079B3D22AE7E93E00FEA60F /* Base */ = {isa = PBXFileReference; lastKnownFileType = file.storyboard; name = Base; path = Base.lproj/Main.storyboard; sourceTree = "<group>"; };
		8079B3D42AE7E94000FEA60F /* Assets.xcassets */ = {isa = PBXFileReference; lastKnownFileType = folder.assetcatalog; path = Assets.xcassets; sourceTree = "<group>"; };
		8079B3D72AE7E94000FEA60F /* Base */ = {isa = PBXFileReference; lastKnownFileType = file.storyboard; name = Base; path = Base.lproj/LaunchScreen.storyboard; sourceTree = "<group>"; };
		8079B3D92AE7E94000FEA60F /* Info.plist */ = {isa = PBXFileReference; lastKnownFileType = text.plist.xml; path = Info.plist; sourceTree = "<group>"; };
		8079B3DA2AE7E94000FEA60F /* main.m */ = {isa = PBXFileReference; lastKnownFileType = sourcecode.c.objc; path = main.m; sourceTree = "<group>"; };
		8079B3E02AE7E94000FEA60F /* 08_UIViewController基础Tests.xctest */ = {isa = PBXFileReference; explicitFileType = wrapper.cfbundle; includeInIndex = 0; path = "08_UIViewController基础Tests.xctest"; sourceTree = BUILT_PRODUCTS_DIR; };
		8079B3E42AE7E94000FEA60F /* _8_UIViewController__Tests.m */ = {isa = PBXFileReference; lastKnownFileType = sourcecode.c.objc; path = _8_UIViewController__Tests.m; sourceTree = "<group>"; };
		8079B3EA2AE7E94000FEA60F /* 08_UIViewController基础UITests.xctest */ = {isa = PBXFileReference; explicitFileType = wrapper.cfbundle; includeInIndex = 0; path = "08_UIViewController基础UITests.xctest"; sourceTree = BUILT_PRODUCTS_DIR; };
		8079B3EE2AE7E94000FEA60F /* _8_UIViewController__UITests.m */ = {isa = PBXFileReference; lastKnownFileType = sourcecode.c.objc; path = _8_UIViewController__UITests.m; sourceTree = "<group>"; };
		8079B3F02AE7E94000FEA60F /* _8_UIViewController__UITestsLaunchTests.m */ = {isa = PBXFileReference; lastKnownFileType = sourcecode.c.objc; path = _8_UIViewController__UITestsLaunchTests.m; sourceTree = "<group>"; };
/* End PBXFileReference section */

/* Begin PBXFrameworksBuildPhase section */
		8079B3C22AE7E93E00FEA60F /* Frameworks */ = {
			isa = PBXFrameworksBuildPhase;
			buildActionMask = 2147483647;
			files = (
			);
			runOnlyForDeploymentPostprocessing = 0;
		};
		8079B3DD2AE7E94000FEA60F /* Frameworks */ = {
			isa = PBXFrameworksBuildPhase;
			buildActionMask = 2147483647;
			files = (
			);
			runOnlyForDeploymentPostprocessing = 0;
		};
		8079B3E72AE7E94000FEA60F /* Frameworks */ = {
			isa = PBXFrameworksBuildPhase;
			buildActionMask = 2147483647;
			files = (
			);
			runOnlyForDeploymentPostprocessing = 0;
		};
/* End PBXFrameworksBuildPhase section */

/* Begin PBXGroup section */
		8079B3BC2AE7E93E00FEA60F = {
			isa = PBXGroup;
			children = (
				8079B3C72AE7E93E00FEA60F /* 08_UIViewController基础 */,
				8079B3E32AE7E94000FEA60F /* 08_UIViewController基础Tests */,
				8079B3ED2AE7E94000FEA60F /* 08_UIViewController基础UITests */,
				8079B3C62AE7E93E00FEA60F /* Products */,
			);
			sourceTree = "<group>";
		};
		8079B3C62AE7E93E00FEA60F /* Products */ = {
			isa = PBXGroup;
			children = (
				8079B3C52AE7E93E00FEA60F /* 08_UIViewController基础.app */,
				8079B3E02AE7E94000FEA60F /* 08_UIViewController基础Tests.xctest */,
				8079B3EA2AE7E94000FEA60F /* 08_UIViewController基础UITests.xctest */,
			);
			name = Products;
			sourceTree = "<group>";
		};
		8079B3C72AE7E93E00FEA60F /* 08_UIViewController基础 */ = {
			isa = PBXGroup;
			children = (
				8079B3C82AE7E93E00FEA60F /* AppDelegate.h */,
				8079B3C92AE7E93E00FEA60F /* AppDelegate.m */,
				8079B3CB2AE7E93E00FEA60F /* SceneDelegate.h */,
				8079B3CC2AE7E93E00FEA60F /* SceneDelegate.m */,
				8079B3CE2AE7E93E00FEA60F /* ViewController.h */,
				8079B3CF2AE7E93E00FEA60F /* ViewController.m */,
				8079B3D12AE7E93E00FEA60F /* Main.storyboard */,
				8079B3D42AE7E94000FEA60F /* Assets.xcassets */,
				8079B3D62AE7E94000FEA60F /* LaunchScreen.storyboard */,
				8079B3D92AE7E94000FEA60F /* Info.plist */,
				8079B3DA2AE7E94000FEA60F /* main.m */,
			);
			path = "08_UIViewController基础";
			sourceTree = "<group>";
		};
		8079B3E32AE7E94000FEA60F /* 08_UIViewController基础Tests */ = {
			isa = PBXGroup;
			children = (
				8079B3E42AE7E94000FEA60F /* _8_UIViewController__Tests.m */,
			);
			path = "08_UIViewController基础Tests";
			sourceTree = "<group>";
		};
		8079B3ED2AE7E94000FEA60F /* 08_UIViewController基础UITests */ = {
			isa = PBXGroup;
			children = (
				8079B3EE2AE7E94000FEA60F /* _8_UIViewController__UITests.m */,
				8079B3F02AE7E94000FEA60F /* _8_UIViewController__UITestsLaunchTests.m */,
			);
			path = "08_UIViewController基础UITests";
			sourceTree = "<group>";
		};
/* End PBXGroup section */

/* Begin PBXNativeTarget section */
		8079B3C42AE7E93E00FEA60F /* 08_UIViewController基础 */ = {
			isa = PBXNativeTarget;
			buildConfigurationList = 8079B3F42AE7E94000FEA60F /* Build configuration list for PBXNativeTarget "08_UIViewController基础" */;
			buildPhases = (
				8079B3C12AE7E93E00FEA60F /* Sources */,
				8079B3C22AE7E93E00FEA60F /* Frameworks */,
				8079B3C32AE7E93E00FEA60F /* Resources */,
			);
			buildRules = (
			);
			dependencies = (
			);
			name = "08_UIViewController基础";
			productName = "08_UIViewController基础";
			productReference = 8079B3C52AE7E93E00FEA60F /* 08_UIViewController基础.app */;
			productType = "com.apple.product-type.application";
		};
		8079B3DF2AE7E94000FEA60F /* 08_UIViewController基础Tests */ = {
			isa = PBXNativeTarget;
			buildConfigurationList = 8079B3F72AE7E94000FEA60F /* Build configuration list for PBXNativeTarget "08_UIViewController基础Tests" */;
			buildPhases = (
				8079B3DC2AE7E94000FEA60F /* Sources */,
				8079B3DD2AE7E94000FEA60F /* Frameworks */,
				8079B3DE2AE7E94000FEA60F /* Resources */,
			);
			buildRules = (
			);
			dependencies = (
				8079B3E22AE7E94000FEA60F /* PBXTargetDependency */,
			);
			name = "08_UIViewController基础Tests";
			productName = "08_UIViewController基础Tests";
			productReference = 8079B3E02AE7E94000FEA60F /* 08_UIViewController基础Tests.xctest */;
			productType = "com.apple.product-type.bundle.unit-test";
		};
		8079B3E92AE7E94000FEA60F /* 08_UIViewController基础UITests */ = {
			isa = PBXNativeTarget;
			buildConfigurationList = 8079B3FA2AE7E94000FEA60F /* Build configuration list for PBXNativeTarget "08_UIViewController基础UITests" */;
			buildPhases = (
				8079B3E62AE7E94000FEA60F /* Sources */,
				8079B3E72AE7E94000FEA60F /* Frameworks */,
				8079B3E82AE7E94000FEA60F /* Resources */,
			);
			buildRules = (
			);
			dependencies = (
				8079B3EC2AE7E94000FEA60F /* PBXTargetDependency */,
			);
			name = "08_UIViewController基础UITests";
			productName = "08_UIViewController基础UITests";
			productReference = 8079B3EA2AE7E94000FEA60F /* 08_UIViewController基础UITests.xctest */;
			productType = "com.apple.product-type.bundle.ui-testing";
		};
/* End PBXNativeTarget section */

/* Begin PBXProject section */
		8079B3BD2AE7E93E00FEA60F /* Project object */ = {
			isa = PBXProject;
			attributes = {
				BuildIndependentTargetsInParallel = 1;
				LastUpgradeCheck = 1410;
				TargetAttributes = {
					8079B3C42AE7E93E00FEA60F = {
						CreatedOnToolsVersion = 14.1;
					};
					8079B3DF2AE7E94000FEA60F = {
						CreatedOnToolsVersion = 14.1;
						TestTargetID = 8079B3C42AE7E93E00FEA60F;
					};
					8079B3E92AE7E94000FEA60F = {
						CreatedOnToolsVersion = 14.1;
						TestTargetID = 8079B3C42AE7E93E00FEA60F;
					};
				};
			};
			buildConfigurationList = 8079B3C02AE7E93E00FEA60F /* Build configuration list for PBXProject "08_UIViewController基础" */;
			compatibilityVersion = "Xcode 14.0";
			developmentRegion = en;
			hasScannedForEncodings = 0;
			knownRegions = (
				en,
				Base,
			);
			mainGroup = 8079B3BC2AE7E93E00FEA60F;
			productRefGroup = 8079B3C62AE7E93E00FEA60F /* Products */;
			projectDirPath = "";
			projectRoot = "";
			targets = (
				8079B3C42AE7E93E00FEA60F /* 08_UIViewController基础 */,
				8079B3DF2AE7E94000FEA60F /* 08_UIViewController基础Tests */,
				8079B3E92AE7E94000FEA60F /* 08_UIViewController基础UITests */,
			);
		};
/* End PBXProject section */

/* Begin PBXResourcesBuildPhase section */
		8079B3C32AE7E93E00FEA60F /* Resources */ = {
			isa = PBXResourcesBuildPhase;
			buildActionMask = 2147483647;
			files = (
				8079B3D82AE7E94000FEA60F /* LaunchScreen.storyboard in Resources */,
				8079B3D52AE7E94000FEA60F /* Assets.xcassets in Resources */,
				8079B3D32AE7E93E00FEA60F /* Main.storyboard in Resources */,
			);
			runOnlyForDeploymentPostprocessing = 0;
		};
		8079B3DE2AE7E94000FEA60F /* Resources */ = {
			isa = PBXResourcesBuildPhase;
			buildActionMask = 2147483647;
			files = (
			);
			runOnlyForDeploymentPostprocessing = 0;
		};
		8079B3E82AE7E94000FEA60F /* Resources */ = {
			isa = PBXResourcesBuildPhase;
			buildActionMask = 2147483647;
			files = (
			);
			runOnlyForDeploymentPostprocessing = 0;
		};
/* End PBXResourcesBuildPhase section */

/* Begin PBXSourcesBuildPhase section */
		8079B3C12AE7E93E00FEA60F /* Sources */ = {
			isa = PBXSourcesBuildPhase;
			buildActionMask = 2147483647;
			files = (
				8079B3D02AE7E93E00FEA60F /* ViewController.m in Sources */,
				8079B3CA2AE7E93E00FEA60F /* AppDelegate.m in Sources */,
				8079B3DB2AE7E94000FEA60F /* main.m in Sources */,
				8079B3CD2AE7E93E00FEA60F /* SceneDelegate.m in Sources */,
			);
			runOnlyForDeploymentPostprocessing = 0;
		};
		8079B3DC2AE7E94000FEA60F /* Sources */ = {
			isa = PBXSourcesBuildPhase;
			buildActionMask = 2147483647;
			files = (
				8079B3E52AE7E94000FEA60F /* _8_UIViewController__Tests.m in Sources */,
			);
			runOnlyForDeploymentPostprocessing = 0;
		};
		8079B3E62AE7E94000FEA60F /* Sources */ = {
			isa = PBXSourcesBuildPhase;
			buildActionMask = 2147483647;
			files = (
				8079B3F12AE7E94000FEA60F /* _8_UIViewController__UITestsLaunchTests.m in Sources */,
				8079B3EF2AE7E94000FEA60F /* _8_UIViewController__UITests.m in Sources */,
			);
			runOnlyForDeploymentPostprocessing = 0;
		};
/* End PBXSourcesBuildPhase section */

/* Begin PBXTargetDependency section */
		8079B3E22AE7E94000FEA60F /* PBXTargetDependency */ = {
			isa = PBXTargetDependency;
			target = 8079B3C42AE7E93E00FEA60F /* 08_UIViewController基础 */;
			targetProxy = 8079B3E12AE7E94000FEA60F /* PBXContainerItemProxy */;
		};
		8079B3EC2AE7E94000FEA60F /* PBXTargetDependency */ = {
			isa = PBXTargetDependency;
			target = 8079B3C42AE7E93E00FEA60F /* 08_UIViewController基础 */;
			targetProxy = 8079B3EB2AE7E94000FEA60F /* PBXContainerItemProxy */;
		};
/* End PBXTargetDependency section */

/* Begin PBXVariantGroup section */
		8079B3D12AE7E93E00FEA60F /* Main.storyboard */ = {
			isa = PBXVariantGroup;
			children = (
				8079B3D22AE7E93E00FEA60F /* Base */,
			);
			name = Main.storyboard;
			sourceTree = "<group>";
		};
		8079B3D62AE7E94000FEA60F /* LaunchScreen.storyboard */ = {
			isa = PBXVariantGroup;
			children = (
				8079B3D72AE7E94000FEA60F /* Base */,
			);
			name = LaunchScreen.storyboard;
			sourceTree = "<group>";
		};
/* End PBXVariantGroup section */

/* Begin XCBuildConfiguration section */
		8079B3F22AE7E94000FEA60F /* Debug */ = {
			isa = XCBuildConfiguration;
			buildSettings = {
				ALWAYS_SEARCH_USER_PATHS = NO;
				CLANG_ANALYZER_NONNULL = YES;
				CLANG_ANALYZER_NUMBER_OBJECT_CONVERSION = YES_AGGRESSIVE;
				CLANG_CXX_LANGUAGE_STANDARD = "gnu++20";
				CLANG_ENABLE_MODULES = YES;
				CLANG_ENABLE_OBJC_ARC = YES;
				CLANG_ENABLE_OBJC_WEAK = YES;
				CLANG_WARN_BLOCK_CAPTURE_AUTORELEASING = YES;
				CLANG_WARN_BOOL_CONVERSION = YES;
				CLANG_WARN_COMMA = YES;
				CLANG_WARN_CONSTANT_CONVERSION = YES;
				CLANG_WARN_DEPRECATED_OBJC_IMPLEMENTATIONS = YES;
				CLANG_WARN_DIRECT_OBJC_ISA_USAGE = YES_ERROR;
				CLANG_WARN_DOCUMENTATION_COMMENTS = YES;
				CLANG_WARN_EMPTY_BODY = YES;
				CLANG_WARN_ENUM_CONVERSION = YES;
				CLANG_WARN_INFINITE_RECURSION = YES;
				CLANG_WARN_INT_CONVERSION = YES;
				CLANG_WARN_NON_LITERAL_NULL_CONVERSION = YES;
				CLANG_WARN_OBJC_IMPLICIT_RETAIN_SELF = YES;
				CLANG_WARN_OBJC_LITERAL_CONVERSION = YES;
				CLANG_WARN_OBJC_ROOT_CLASS = YES_ERROR;
				CLANG_WARN_QUOTED_INCLUDE_IN_FRAMEWORK_HEADER = YES;
				CLANG_WARN_RANGE_LOOP_ANALYSIS = YES;
				CLANG_WARN_STRICT_PROTOTYPES = YES;
				CLANG_WARN_SUSPICIOUS_MOVE = YES;
				CLANG_WARN_UNGUARDED_AVAILABILITY = YES_AGGRESSIVE;
				CLANG_WARN_UNREACHABLE_CODE = YES;
				CLANG_WARN__DUPLICATE_METHOD_MATCH = YES;
				COPY_PHASE_STRIP = NO;
				DEBUG_INFORMATION_FORMAT = dwarf;
				ENABLE_STRICT_OBJC_MSGSEND = YES;
				ENABLE_TESTABILITY = YES;
				GCC_C_LANGUAGE_STANDARD = gnu11;
				GCC_DYNAMIC_NO_PIC = NO;
				GCC_NO_COMMON_BLOCKS = YES;
				GCC_OPTIMIZATION_LEVEL = 0;
				GCC_PREPROCESSOR_DEFINITIONS = (
					"DEBUG=1",
					"$(inherited)",
				);
				GCC_WARN_64_TO_32_BIT_CONVERSION = YES;
				GCC_WARN_ABOUT_RETURN_TYPE = YES_ERROR;
				GCC_WARN_UNDECLARED_SELECTOR = YES;
				GCC_WARN_UNINITIALIZED_AUTOS = YES_AGGRESSIVE;
				GCC_WARN_UNUSED_FUNCTION = YES;
				GCC_WARN_UNUSED_VARIABLE = YES;
				IPHONEOS_DEPLOYMENT_TARGET = 16.1;
				MTL_ENABLE_DEBUG_INFO = INCLUDE_SOURCE;
				MTL_FAST_MATH = YES;
				ONLY_ACTIVE_ARCH = YES;
				SDKROOT = iphoneos;
			};
			name = Debug;
		};
		8079B3F32AE7E94000FEA60F /* Release */ = {
			isa = XCBuildConfiguration;
			buildSettings = {
				ALWAYS_SEARCH_USER_PATHS = NO;
				CLANG_ANALYZER_NONNULL = YES;
				CLANG_ANALYZER_NUMBER_OBJECT_CONVERSION = YES_AGGRESSIVE;
				CLANG_CXX_LANGUAGE_STANDARD = "gnu++20";
				CLANG_ENABLE_MODULES = YES;
				CLANG_ENABLE_OBJC_ARC = YES;
				CLANG_ENABLE_OBJC_WEAK = YES;
				CLANG_WARN_BLOCK_CAPTURE_AUTORELEASING = YES;
				CLANG_WARN_BOOL_CONVERSION = YES;
				CLANG_WARN_COMMA = YES;
				CLANG_WARN_CONSTANT_CONVERSION = YES;
				CLANG_WARN_DEPRECATED_OBJC_IMPLEMENTATIONS = YES;
				CLANG_WARN_DIRECT_OBJC_ISA_USAGE = YES_ERROR;
				CLANG_WARN_DOCUMENTATION_COMMENTS = YES;
				CLANG_WARN_EMPTY_BODY = YES;
				CLANG_WARN_ENUM_CONVERSION = YES;
				CLANG_WARN_INFINITE_RECURSION = YES;
				CLANG_WARN_INT_CONVERSION = YES;
				CLANG_WARN_NON_LITERAL_NULL_CONVERSION = YES;
				CLANG_WARN_OBJC_IMPLICIT_RETAIN_SELF = YES;
				CLANG_WARN_OBJC_LITERAL_CONVERSION = YES;
				CLANG_WARN_OBJC_ROOT_CLASS = YES_ERROR;
				CLANG_WARN_QUOTED_INCLUDE_IN_FRAMEWORK_HEADER = YES;
				CLANG_WARN_RANGE_LOOP_ANALYSIS = YES;
				CLANG_WARN_STRICT_PROTOTYPES = YES;
				CLANG_WARN_SUSPICIOUS_MOVE = YES;
				CLANG_WARN_UNGUARDED_AVAILABILITY = YES_AGGRESSIVE;
				CLANG_WARN_UNREACHABLE_CODE = YES;
				CLANG_WARN__DUPLICATE_METHOD_MATCH = YES;
				COPY_PHASE_STRIP = NO;
				DEBUG_INFORMATION_FORMAT = "dwarf-with-dsym";
				ENABLE_NS_ASSERTIONS = NO;
				ENABLE_STRICT_OBJC_MSGSEND = YES;
				GCC_C_LANGUAGE_STANDARD = gnu11;
				GCC_NO_COMMON_BLOCKS = YES;
				GCC_WARN_64_TO_32_BIT_CONVERSION = YES;
				GCC_WARN_ABOUT_RETURN_TYPE = YES_ERROR;
				GCC_WARN_UNDECLARED_SELECTOR = YES;
				GCC_WARN_UNINITIALIZED_AUTOS = YES_AGGRESSIVE;
				GCC_WARN_UNUSED_FUNCTION = YES;
				GCC_WARN_UNUSED_VARIABLE = YES;
				IPHONEOS_DEPLOYMENT_TARGET = 16.1;
				MTL_ENABLE_DEBUG_INFO = NO;
				MTL_FAST_MATH = YES;
				SDKROOT = iphoneos;
				VALIDATE_PRODUCT = YES;
			};
			name = Release;
		};
		8079B3F52AE7E94000FEA60F /* Debug */ = {
			isa = XCBuildConfiguration;
			buildSettings = {
				ASSETCATALOG_COMPILER_APPICON_NAME = AppIcon;
				ASSETCATALOG_COMPILER_GLOBAL_ACCENT_COLOR_NAME = AccentColor;
				CODE_SIGN_STYLE = Automatic;
				CURRENT_PROJECT_VERSION = 1;
				GENERATE_INFOPLIST_FILE = YES;
				INFOPLIST_FILE = "08_UIViewController基础/Info.plist";
				INFOPLIST_KEY_UIApplicationSupportsIndirectInputEvents = YES;
				INFOPLIST_KEY_UILaunchStoryboardName = LaunchScreen;
				INFOPLIST_KEY_UIMainStoryboardFile = Main;
				INFOPLIST_KEY_UISupportedInterfaceOrientations_iPad = "UIInterfaceOrientationPortrait UIInterfaceOrientationPortraitUpsideDown UIInterfaceOrientationLandscapeLeft UIInterfaceOrientationLandscapeRight";
				INFOPLIST_KEY_UISupportedInterfaceOrientations_iPhone = "UIInterfaceOrientationPortrait UIInterfaceOrientationLandscapeLeft UIInterfaceOrientationLandscapeRight";
				LD_RUNPATH_SEARCH_PATHS = (
					"$(inherited)",
					"@executable_path/Frameworks",
				);
				MARKETING_VERSION = 1.0;
				PRODUCT_BUNDLE_IDENTIFIER = "wangbo.-8-UIViewController--";
				PRODUCT_NAME = "$(TARGET_NAME)";
				SWIFT_EMIT_LOC_STRINGS = YES;
				TARGETED_DEVICE_FAMILY = "1,2";
			};
			name = Debug;
		};
		8079B3F62AE7E94000FEA60F /* Release */ = {
			isa = XCBuildConfiguration;
			buildSettings = {
				ASSETCATALOG_COMPILER_APPICON_NAME = AppIcon;
				ASSETCATALOG_COMPILER_GLOBAL_ACCENT_COLOR_NAME = AccentColor;
				CODE_SIGN_STYLE = Automatic;
				CURRENT_PROJECT_VERSION = 1;
				GENERATE_INFOPLIST_FILE = YES;
				INFOPLIST_FILE = "08_UIViewController基础/Info.plist";
				INFOPLIST_KEY_UIApplicationSupportsIndirectInputEvents = YES;
				INFOPLIST_KEY_UILaunchStoryboardName = LaunchScreen;
				INFOPLIST_KEY_UIMainStoryboardFile = Main;
				INFOPLIST_KEY_UISupportedInterfaceOrientations_iPad = "UIInterfaceOrientationPortrait UIInterfaceOrientationPortraitUpsideDown UIInterfaceOrientationLandscapeLeft UIInterfaceOrientationLandscapeRight";
				INFOPLIST_KEY_UISupportedInterfaceOrientations_iPhone = "UIInterfaceOrientationPortrait UIInterfaceOrientationLandscapeLeft UIInterfaceOrientationLandscapeRight";
				LD_RUNPATH_SEARCH_PATHS = (
					"$(inherited)",
					"@executable_path/Frameworks",
				);
				MARKETING_VERSION = 1.0;
				PRODUCT_BUNDLE_IDENTIFIER = "wangbo.-8-UIViewController--";
				PRODUCT_NAME = "$(TARGET_NAME)";
				SWIFT_EMIT_LOC_STRINGS = YES;
				TARGETED_DEVICE_FAMILY = "1,2";
			};
			name = Release;
		};
		8079B3F82AE7E94000FEA60F /* Debug */ = {
			isa = XCBuildConfiguration;
			buildSettings = {
				BUNDLE_LOADER = "$(TEST_HOST)";
				CODE_SIGN_STYLE = Automatic;
				CURRENT_PROJECT_VERSION = 1;
				GENERATE_INFOPLIST_FILE = YES;
				IPHONEOS_DEPLOYMENT_TARGET = 16.1;
				MARKETING_VERSION = 1.0;
				PRODUCT_BUNDLE_IDENTIFIER = "wangbo.-8-UIViewController--Tests";
				PRODUCT_NAME = "$(TARGET_NAME)";
				SWIFT_EMIT_LOC_STRINGS = NO;
				TARGETED_DEVICE_FAMILY = "1,2";
				TEST_HOST = "$(BUILT_PRODUCTS_DIR)/08_UIViewController基础.app/$(BUNDLE_EXECUTABLE_FOLDER_PATH)/08_UIViewController基础";
			};
			name = Debug;
		};
		8079B3F92AE7E94000FEA60F /* Release */ = {
			isa = XCBuildConfiguration;
			buildSettings = {
				BUNDLE_LOADER = "$(TEST_HOST)";
				CODE_SIGN_STYLE = Automatic;
				CURRENT_PROJECT_VERSION = 1;
				GENERATE_INFOPLIST_FILE = YES;
				IPHONEOS_DEPLOYMENT_TARGET = 16.1;
				MARKETING_VERSION = 1.0;
				PRODUCT_BUNDLE_IDENTIFIER = "wangbo.-8-UIViewController--Tests";
				PRODUCT_NAME = "$(TARGET_NAME)";
				SWIFT_EMIT_LOC_STRINGS = NO;
				TARGETED_DEVICE_FAMILY = "1,2";
				TEST_HOST = "$(BUILT_PRODUCTS_DIR)/08_UIViewController基础.app/$(BUNDLE_EXECUTABLE_FOLDER_PATH)/08_UIViewController基础";
			};
			name = Release;
		};
		8079B3FB2AE7E94000FEA60F /* Debug */ = {
			isa = XCBuildConfiguration;
			buildSettings = {
				CODE_SIGN_STYLE = Automatic;
				CURRENT_PROJECT_VERSION = 1;
				GENERATE_INFOPLIST_FILE = YES;
				MARKETING_VERSION = 1.0;
				PRODUCT_BUNDLE_IDENTIFIER = "wangbo.-8-UIViewController--UITests";
				PRODUCT_NAME = "$(TARGET_NAME)";
				SWIFT_EMIT_LOC_STRINGS = NO;
				TARGETED_DEVICE_FAMILY = "1,2";
				TEST_TARGET_NAME = "08_UIViewController基础";
			};
			name = Debug;
		};
		8079B3FC2AE7E94000FEA60F /* Release */ = {
			isa = XCBuildConfiguration;
			buildSettings = {
				CODE_SIGN_STYLE = Automatic;
				CURRENT_PROJECT_VERSION = 1;
				GENERATE_INFOPLIST_FILE = YES;
				MARKETING_VERSION = 1.0;
				PRODUCT_BUNDLE_IDENTIFIER = "wangbo.-8-UIViewController--UITests";
				PRODUCT_NAME = "$(TARGET_NAME)";
				SWIFT_EMIT_LOC_STRINGS = NO;
				TARGETED_DEVICE_FAMILY = "1,2";
				TEST_TARGET_NAME = "08_UIViewController基础";
			};
			name = Release;
		};
/* End XCBuildConfiguration section */

/* Begin XCConfigurationList section */
		8079B3C02AE7E93E00FEA60F /* Build configuration list for PBXProject "08_UIViewController基础" */ = {
			isa = XCConfigurationList;
			buildConfigurations = (
				8079B3F22AE7E94000FEA60F /* Debug */,
				8079B3F32AE7E94000FEA60F /* Release */,
			);
			defaultConfigurationIsVisible = 0;
			defaultConfigurationName = Release;
		};
		8079B3F42AE7E94000FEA60F /* Build configuration list for PBXNativeTarget "08_UIViewController基础" */ = {
			isa = XCConfigurationList;
			buildConfigurations = (
				8079B3F52AE7E94000FEA60F /* Debug */,
				8079B3F62AE7E94000FEA60F /* Release */,
			);
			defaultConfigurationIsVisible = 0;
			defaultConfigurationName = Release;
		};
		8079B3F72AE7E94000FEA60F /* Build configuration list for PBXNativeTarget "08_UIViewController基础Tests" */ = {
			isa = XCConfigurationList;
			buildConfigurations = (
				8079B3F82AE7E94000FEA60F /* Debug */,
				8079B3F92AE7E94000FEA60F /* Release */,
			);
			defaultConfigurationIsVisible = 0;
			defaultConfigurationName = Release;
		};
		8079B3FA2AE7E94000FEA60F /* Build configuration list for PBXNativeTarget "08_UIViewController基础UITests" */ = {
			isa = XCConfigurationList;
			buildConfigurations = (
				8079B3FB2AE7E94000FEA60F /* Debug */,
				8079B3FC2AE7E94000FEA60F /* Release */,
			);
			defaultConfigurationIsVisible = 0;
			defaultConfigurationName = Release;
		};
/* End XCConfigurationList section */
	};
	rootObject = 8079B3BD2AE7E93E00FEA60F /* Project object */;
}
